{
  "version": 4,
  "terraform_version": "1.5.7",
  "serial": 1314,
  "lineage": "ed3aefcf-d5cc-a3f7-5d11-3589c16a83fd",
  "outputs": {},
  "resources": [
    {
      "mode": "data",
      "type": "apstra_agent",
      "name": "agent",
      "provider": "provider[\"registry.terraform.io/juniper/apstra\"]",
      "instances": [
        {
          "index_key": "leaf1",
          "schema_version": 0,
          "attributes": {
            "agent_id": "9523be56-ae02-4264-84d3-30da9120e1d7",
            "agent_profile_id": "13a52ddc-f1a1-41e5-9e8a-178a64a429ac",
            "device_key": "0C003BCBA700",
            "management_ip": "192.168.122.11",
            "off_box": true,
            "system_id": "0C003BCBA700"
          },
          "sensitive_attributes": []
        },
        {
          "index_key": "leaf2",
          "schema_version": 0,
          "attributes": {
            "agent_id": "276f8c9d-257c-44e3-991e-64ff7945e6ec",
            "agent_profile_id": "13a52ddc-f1a1-41e5-9e8a-178a64a429ac",
            "device_key": "0C00B486B400",
            "management_ip": "192.168.122.12",
            "off_box": true,
            "system_id": "0C00B486B400"
          },
          "sensitive_attributes": []
        },
        {
          "index_key": "leaf3",
          "schema_version": 0,
          "attributes": {
            "agent_id": "b283c6d9-ee15-41c9-9c86-e8964c9cf397",
            "agent_profile_id": "13a52ddc-f1a1-41e5-9e8a-178a64a429ac",
            "device_key": "0C00EB771D00",
            "management_ip": "192.168.122.13",
            "off_box": true,
            "system_id": "0C00EB771D00"
          },
          "sensitive_attributes": []
        },
        {
          "index_key": "leaf4",
          "schema_version": 0,
          "attributes": {
            "agent_id": "36747110-4341-41dc-a032-a07767186156",
            "agent_profile_id": "13a52ddc-f1a1-41e5-9e8a-178a64a429ac",
            "device_key": "0C005ADEC600",
            "management_ip": "192.168.122.14",
            "off_box": true,
            "system_id": "0C005ADEC600"
          },
          "sensitive_attributes": []
        },
        {
          "index_key": "leaf5",
          "schema_version": 0,
          "attributes": {
            "agent_id": "a5b29c3f-0279-4495-8baf-aa56af77e1b0",
            "agent_profile_id": "13a52ddc-f1a1-41e5-9e8a-178a64a429ac",
            "device_key": "0C004204FC00",
            "management_ip": "192.168.122.15",
            "off_box": true,
            "system_id": "0C004204FC00"
          },
          "sensitive_attributes": []
        },
        {
          "index_key": "spine1",
          "schema_version": 0,
          "attributes": {
            "agent_id": "29e290b6-c95f-420c-8943-2d22df860b4b",
            "agent_profile_id": "13a52ddc-f1a1-41e5-9e8a-178a64a429ac",
            "device_key": "0C0081705900",
            "management_ip": "192.168.122.101",
            "off_box": true,
            "system_id": "0C0081705900"
          },
          "sensitive_attributes": []
        },
        {
          "index_key": "spine2",
          "schema_version": 0,
          "attributes": {
            "agent_id": "1da29f87-6b74-46de-822f-31eb786afe70",
            "agent_profile_id": "13a52ddc-f1a1-41e5-9e8a-178a64a429ac",
            "device_key": "0C00FC991E00",
            "management_ip": "192.168.122.102",
            "off_box": true,
            "system_id": "0C00FC991E00"
          },
          "sensitive_attributes": []
        }
      ]
    },
    {
      "mode": "data",
      "type": "apstra_agent_profile",
      "name": "junos-profile",
      "provider": "provider[\"registry.terraform.io/juniper/apstra\"]",
      "instances": [
        {
          "schema_version": 0,
          "attributes": {
            "has_password": true,
            "has_username": true,
            "id": "13a52ddc-f1a1-41e5-9e8a-178a64a429ac",
            "name": "junos-agent-profile",
            "open_options": null,
            "packages": null,
            "platform": "junos"
          },
          "sensitive_attributes": []
        }
      ]
    },
    {
      "mode": "data",
      "type": "apstra_datacenter_ct_virtual_network_single",
      "name": "dc1_vn1_blue_vlan",
      "provider": "provider[\"registry.terraform.io/juniper/apstra\"]",
      "instances": [
        {
          "schema_version": 0,
          "attributes": {
            "child_primitives": null,
            "name": null,
            "primitive": "{\"type\":\"AttachSingleVLAN\",\"label\":\"\",\"data\":{\"vn_id\":\"bor9TGJYGGaEImrw2m4\",\"tagged\":false}}",
            "tagged": false,
            "vn_id": "bor9TGJYGGaEImrw2m4"
          },
          "sensitive_attributes": []
        }
      ]
    },
    {
      "mode": "data",
      "type": "apstra_datacenter_ct_virtual_network_single",
      "name": "dc1_vn1_red_vlan",
      "provider": "provider[\"registry.terraform.io/juniper/apstra\"]",
      "instances": [
        {
          "schema_version": 0,
          "attributes": {
            "child_primitives": null,
            "name": null,
            "primitive": "{\"type\":\"AttachSingleVLAN\",\"label\":\"\",\"data\":{\"vn_id\":\"ZlXlkrD3cqAniaUl7Uk\",\"tagged\":false}}",
            "tagged": false,
            "vn_id": "ZlXlkrD3cqAniaUl7Uk"
          },
          "sensitive_attributes": []
        }
      ]
    },
    {
      "mode": "data",
      "type": "apstra_datacenter_ct_virtual_network_single",
      "name": "dc1_vn2_blue_vlan",
      "provider": "provider[\"registry.terraform.io/juniper/apstra\"]",
      "instances": [
        {
          "schema_version": 0,
          "attributes": {
            "child_primitives": null,
            "name": null,
            "primitive": "{\"type\":\"AttachSingleVLAN\",\"label\":\"\",\"data\":{\"vn_id\":\"spSZKk-6JZeicwQiDXQ\",\"tagged\":false}}",
            "tagged": false,
            "vn_id": "spSZKk-6JZeicwQiDXQ"
          },
          "sensitive_attributes": []
        }
      ]
    },
    {
      "mode": "data",
      "type": "apstra_datacenter_ct_virtual_network_single",
      "name": "dc1_vn2_red_vlan",
      "provider": "provider[\"registry.terraform.io/juniper/apstra\"]",
      "instances": [
        {
          "schema_version": 0,
          "attributes": {
            "child_primitives": null,
            "name": null,
            "primitive": "{\"type\":\"AttachSingleVLAN\",\"label\":\"\",\"data\":{\"vn_id\":\"0KygIvfYm8p8FbUL71s\",\"tagged\":false}}",
            "tagged": false,
            "vn_id": "0KygIvfYm8p8FbUL71s"
          },
          "sensitive_attributes": []
        }
      ]
    },
    {
      "mode": "data",
      "type": "apstra_datacenter_interfaces_by_link_tag",
      "name": "h1_link",
      "provider": "provider[\"registry.terraform.io/juniper/apstra\"]",
      "instances": [
        {
          "schema_version": 0,
          "attributes": {
            "blueprint_id": "7f92bd1b-425f-4308-88aa-e64f6cbc1fe2",
            "graph_query": "match(match(node(type='tag',label='h1').out(type='tag').node(type='link',name='n_link')),node(name='n_link').in_(type='link').node(type='interface',if_type='ethernet',name='n_phy_interface').in_(type='hosted_interfaces').node(type='system',system_type='switch'),optional(node(name='n_phy_interface').in_(type='composed_of').node(type='interface',name='n_lag_interface')),optional(node(name='n_lag_interface').in_(type='composed_of').node(type='interface',name='n_mlag_interface')))",
            "ids": [
              "hKS_ZhOHfz99N3iXeEc"
            ],
            "system_role": null,
            "system_type": null,
            "tags": [
              "h1"
            ]
          },
          "sensitive_attributes": []
        }
      ]
    },
    {
      "mode": "data",
      "type": "apstra_datacenter_interfaces_by_link_tag",
      "name": "h2_link",
      "provider": "provider[\"registry.terraform.io/juniper/apstra\"]",
      "instances": [
        {
          "schema_version": 0,
          "attributes": {
            "blueprint_id": "7f92bd1b-425f-4308-88aa-e64f6cbc1fe2",
            "graph_query": "match(match(node(type='tag',label='h2').out(type='tag').node(type='link',name='n_link')),node(name='n_link').in_(type='link').node(type='interface',if_type='ethernet',name='n_phy_interface').in_(type='hosted_interfaces').node(type='system',system_type='switch'),optional(node(name='n_phy_interface').in_(type='composed_of').node(type='interface',name='n_lag_interface')),optional(node(name='n_lag_interface').in_(type='composed_of').node(type='interface',name='n_mlag_interface')))",
            "ids": [
              "9_phua2GhCE9mozvN1o"
            ],
            "system_role": null,
            "system_type": null,
            "tags": [
              "h2"
            ]
          },
          "sensitive_attributes": []
        }
      ]
    },
    {
      "mode": "data",
      "type": "apstra_datacenter_interfaces_by_link_tag",
      "name": "h3_link",
      "provider": "provider[\"registry.terraform.io/juniper/apstra\"]",
      "instances": [
        {
          "schema_version": 0,
          "attributes": {
            "blueprint_id": "7f92bd1b-425f-4308-88aa-e64f6cbc1fe2",
            "graph_query": "match(match(node(type='tag',label='h3').out(type='tag').node(type='link',name='n_link')),node(name='n_link').in_(type='link').node(type='interface',if_type='ethernet',name='n_phy_interface').in_(type='hosted_interfaces').node(type='system',system_type='switch'),optional(node(name='n_phy_interface').in_(type='composed_of').node(type='interface',name='n_lag_interface')),optional(node(name='n_lag_interface').in_(type='composed_of').node(type='interface',name='n_mlag_interface')))",
            "ids": [
              "tKKVWK6yMIuWTx_Ux2Y"
            ],
            "system_role": null,
            "system_type": null,
            "tags": [
              "h3"
            ]
          },
          "sensitive_attributes": []
        }
      ]
    },
    {
      "mode": "data",
      "type": "apstra_datacenter_interfaces_by_link_tag",
      "name": "h4_link",
      "provider": "provider[\"registry.terraform.io/juniper/apstra\"]",
      "instances": [
        {
          "schema_version": 0,
          "attributes": {
            "blueprint_id": "7f92bd1b-425f-4308-88aa-e64f6cbc1fe2",
            "graph_query": "match(match(node(type='tag',label='h4').out(type='tag').node(type='link',name='n_link')),node(name='n_link').in_(type='link').node(type='interface',if_type='ethernet',name='n_phy_interface').in_(type='hosted_interfaces').node(type='system',system_type='switch'),optional(node(name='n_phy_interface').in_(type='composed_of').node(type='interface',name='n_lag_interface')),optional(node(name='n_lag_interface').in_(type='composed_of').node(type='interface',name='n_mlag_interface')))",
            "ids": [
              "CfdFk682o8BhYrRVmBQ"
            ],
            "system_role": null,
            "system_type": null,
            "tags": [
              "h4"
            ]
          },
          "sensitive_attributes": []
        }
      ]
    },
    {
      "mode": "data",
      "type": "apstra_datacenter_interfaces_by_link_tag",
      "name": "h5_link",
      "provider": "provider[\"registry.terraform.io/juniper/apstra\"]",
      "instances": [
        {
          "schema_version": 0,
          "attributes": {
            "blueprint_id": "7f92bd1b-425f-4308-88aa-e64f6cbc1fe2",
            "graph_query": "match(match(node(type='tag',label='h5').out(type='tag').node(type='link',name='n_link')),node(name='n_link').in_(type='link').node(type='interface',if_type='ethernet',name='n_phy_interface').in_(type='hosted_interfaces').node(type='system',system_type='switch'),optional(node(name='n_phy_interface').in_(type='composed_of').node(type='interface',name='n_lag_interface')),optional(node(name='n_lag_interface').in_(type='composed_of').node(type='interface',name='n_mlag_interface')))",
            "ids": [
              "WqbGK1Png3z3yrWJuYM"
            ],
            "system_role": null,
            "system_type": null,
            "tags": [
              "h5"
            ]
          },
          "sensitive_attributes": []
        }
      ]
    },
    {
      "mode": "data",
      "type": "apstra_datacenter_interfaces_by_link_tag",
      "name": "h6_link",
      "provider": "provider[\"registry.terraform.io/juniper/apstra\"]",
      "instances": [
        {
          "schema_version": 0,
          "attributes": {
            "blueprint_id": "7f92bd1b-425f-4308-88aa-e64f6cbc1fe2",
            "graph_query": "match(match(node(type='tag',label='h6').out(type='tag').node(type='link',name='n_link')),node(name='n_link').in_(type='link').node(type='interface',if_type='ethernet',name='n_phy_interface').in_(type='hosted_interfaces').node(type='system',system_type='switch'),optional(node(name='n_phy_interface').in_(type='composed_of').node(type='interface',name='n_lag_interface')),optional(node(name='n_lag_interface').in_(type='composed_of').node(type='interface',name='n_mlag_interface')))",
            "ids": [
              "gJZ_QiV6ZPrrQTOMUkw"
            ],
            "system_role": null,
            "system_type": null,
            "tags": [
              "h6"
            ]
          },
          "sensitive_attributes": []
        }
      ]
    },
    {
      "mode": "data",
      "type": "apstra_datacenter_interfaces_by_link_tag",
      "name": "h7_link",
      "provider": "provider[\"registry.terraform.io/juniper/apstra\"]",
      "instances": [
        {
          "schema_version": 0,
          "attributes": {
            "blueprint_id": "7f92bd1b-425f-4308-88aa-e64f6cbc1fe2",
            "graph_query": "match(match(node(type='tag',label='h7').out(type='tag').node(type='link',name='n_link')),node(name='n_link').in_(type='link').node(type='interface',if_type='ethernet',name='n_phy_interface').in_(type='hosted_interfaces').node(type='system',system_type='switch'),optional(node(name='n_phy_interface').in_(type='composed_of').node(type='interface',name='n_lag_interface')),optional(node(name='n_lag_interface').in_(type='composed_of').node(type='interface',name='n_mlag_interface')))",
            "ids": [
              "T8AWiyFz0YP8_MPF0H8"
            ],
            "system_role": null,
            "system_type": null,
            "tags": [
              "h7"
            ]
          },
          "sensitive_attributes": []
        }
      ]
    },
    {
      "mode": "data",
      "type": "apstra_datacenter_interfaces_by_link_tag",
      "name": "h8_link",
      "provider": "provider[\"registry.terraform.io/juniper/apstra\"]",
      "instances": [
        {
          "schema_version": 0,
          "attributes": {
            "blueprint_id": "7f92bd1b-425f-4308-88aa-e64f6cbc1fe2",
            "graph_query": "match(match(node(type='tag',label='h8').out(type='tag').node(type='link',name='n_link')),node(name='n_link').in_(type='link').node(type='interface',if_type='ethernet',name='n_phy_interface').in_(type='hosted_interfaces').node(type='system',system_type='switch'),optional(node(name='n_phy_interface').in_(type='composed_of').node(type='interface',name='n_lag_interface')),optional(node(name='n_lag_interface').in_(type='composed_of').node(type='interface',name='n_mlag_interface')))",
            "ids": [
              "_eYoutkhtydeDvRewNE"
            ],
            "system_role": null,
            "system_type": null,
            "tags": [
              "h8"
            ]
          },
          "sensitive_attributes": []
        }
      ]
    },
    {
      "mode": "data",
      "type": "apstra_datacenter_interfaces_by_link_tag",
      "name": "h9_link",
      "provider": "provider[\"registry.terraform.io/juniper/apstra\"]",
      "instances": [
        {
          "schema_version": 0,
          "attributes": {
            "blueprint_id": "7f92bd1b-425f-4308-88aa-e64f6cbc1fe2",
            "graph_query": "match(match(node(type='tag',label='h9').out(type='tag').node(type='link',name='n_link')),node(name='n_link').in_(type='link').node(type='interface',if_type='ethernet',name='n_phy_interface').in_(type='hosted_interfaces').node(type='system',system_type='switch'),optional(node(name='n_phy_interface').in_(type='composed_of').node(type='interface',name='n_lag_interface')),optional(node(name='n_lag_interface').in_(type='composed_of').node(type='interface',name='n_mlag_interface')))",
            "ids": [
              "LIB9WcRF6gelB-Oe6zU"
            ],
            "system_role": null,
            "system_type": null,
            "tags": [
              "h9"
            ]
          },
          "sensitive_attributes": []
        }
      ]
    },
    {
      "mode": "data",
      "type": "apstra_datacenter_virtual_network_binding_constructor",
      "name": "all",
      "provider": "provider[\"registry.terraform.io/juniper/apstra\"]",
      "instances": [
        {
          "schema_version": 0,
          "attributes": {
            "bindings": {
              "YG8IEoDSI-II-HTbVTU": {
                "access_ids": null,
                "vlan_id": null
              },
              "ieYVTw0Xd2ZNXJbyFr4": {
                "access_ids": null,
                "vlan_id": null
              },
              "q9bAfEVajdhyfMBOrgQ": {
                "access_ids": null,
                "vlan_id": null
              }
            },
            "blueprint_id": "7f92bd1b-425f-4308-88aa-e64f6cbc1fe2",
            "switch_ids": [
              "HAX3VvEXK7HOxncR4_w",
              "VEcLqSqN4RIVL-846AQ",
              "XXY2bS0iYD77nknm6tE",
              "b2gF6aJAJz8qTtvrAsQ",
              "ieYVTw0Xd2ZNXJbyFr4"
            ],
            "vlan_id": null
          },
          "sensitive_attributes": []
        }
      ]
    },
    {
      "mode": "data",
      "type": "apstra_datacenter_virtual_networks",
      "name": "dc1_vn1_blue",
      "provider": "provider[\"registry.terraform.io/juniper/apstra\"]",
      "instances": [
        {
          "schema_version": 0,
          "attributes": {
            "blueprint_id": "7f92bd1b-425f-4308-88aa-e64f6cbc1fe2",
            "filter": {
              "bindings": null,
              "blueprint_id": null,
              "dhcp_service_enabled": null,
              "had_prior_vni_config": null,
              "id": null,
              "ipv4_connectivity_enabled": null,
              "ipv4_subnet": null,
              "ipv4_virtual_gateway": null,
              "ipv4_virtual_gateway_enabled": null,
              "ipv6_connectivity_enabled": null,
              "ipv6_subnet": null,
              "ipv6_virtual_gateway": null,
              "ipv6_virtual_gateway_enabled": null,
              "name": "dc1_vn1_blue",
              "reserve_vlan": null,
              "routing_zone_id": null,
              "type": null,
              "vni": null
            },
            "graph_query": "match(node(type='virtual_network',name='n_virtual_network',label='dc1_vn1_blue'))",
            "ids": [
              "bor9TGJYGGaEImrw2m4"
            ]
          },
          "sensitive_attributes": []
        }
      ]
    },
    {
      "mode": "data",
      "type": "apstra_datacenter_virtual_networks",
      "name": "dc1_vn1_red",
      "provider": "provider[\"registry.terraform.io/juniper/apstra\"]",
      "instances": [
        {
          "schema_version": 0,
          "attributes": {
            "blueprint_id": "7f92bd1b-425f-4308-88aa-e64f6cbc1fe2",
            "filter": {
              "bindings": null,
              "blueprint_id": null,
              "dhcp_service_enabled": null,
              "had_prior_vni_config": null,
              "id": null,
              "ipv4_connectivity_enabled": null,
              "ipv4_subnet": null,
              "ipv4_virtual_gateway": null,
              "ipv4_virtual_gateway_enabled": null,
              "ipv6_connectivity_enabled": null,
              "ipv6_subnet": null,
              "ipv6_virtual_gateway": null,
              "ipv6_virtual_gateway_enabled": null,
              "name": "dc1_vn1_red",
              "reserve_vlan": null,
              "routing_zone_id": null,
              "type": null,
              "vni": null
            },
            "graph_query": "match(node(type='virtual_network',name='n_virtual_network',label='dc1_vn1_red'))",
            "ids": [
              "ZlXlkrD3cqAniaUl7Uk"
            ]
          },
          "sensitive_attributes": []
        }
      ]
    },
    {
      "mode": "data",
      "type": "apstra_datacenter_virtual_networks",
      "name": "dc1_vn2_blue",
      "provider": "provider[\"registry.terraform.io/juniper/apstra\"]",
      "instances": [
        {
          "schema_version": 0,
          "attributes": {
            "blueprint_id": "7f92bd1b-425f-4308-88aa-e64f6cbc1fe2",
            "filter": {
              "bindings": null,
              "blueprint_id": null,
              "dhcp_service_enabled": null,
              "had_prior_vni_config": null,
              "id": null,
              "ipv4_connectivity_enabled": null,
              "ipv4_subnet": null,
              "ipv4_virtual_gateway": null,
              "ipv4_virtual_gateway_enabled": null,
              "ipv6_connectivity_enabled": null,
              "ipv6_subnet": null,
              "ipv6_virtual_gateway": null,
              "ipv6_virtual_gateway_enabled": null,
              "name": "dc1_vn2_blue",
              "reserve_vlan": null,
              "routing_zone_id": null,
              "type": null,
              "vni": null
            },
            "graph_query": "match(node(type='virtual_network',name='n_virtual_network',label='dc1_vn2_blue'))",
            "ids": [
              "spSZKk-6JZeicwQiDXQ"
            ]
          },
          "sensitive_attributes": []
        }
      ]
    },
    {
      "mode": "data",
      "type": "apstra_datacenter_virtual_networks",
      "name": "dc1_vn2_red",
      "provider": "provider[\"registry.terraform.io/juniper/apstra\"]",
      "instances": [
        {
          "schema_version": 0,
          "attributes": {
            "blueprint_id": "7f92bd1b-425f-4308-88aa-e64f6cbc1fe2",
            "filter": {
              "bindings": null,
              "blueprint_id": null,
              "dhcp_service_enabled": null,
              "had_prior_vni_config": null,
              "id": null,
              "ipv4_connectivity_enabled": null,
              "ipv4_subnet": null,
              "ipv4_virtual_gateway": null,
              "ipv4_virtual_gateway_enabled": null,
              "ipv6_connectivity_enabled": null,
              "ipv6_subnet": null,
              "ipv6_virtual_gateway": null,
              "ipv6_virtual_gateway_enabled": null,
              "name": "dc1_vn2_red",
              "reserve_vlan": null,
              "routing_zone_id": null,
              "type": null,
              "vni": null
            },
            "graph_query": "match(node(type='virtual_network',name='n_virtual_network',label='dc1_vn2_red'))",
            "ids": [
              "0KygIvfYm8p8FbUL71s"
            ]
          },
          "sensitive_attributes": []
        }
      ]
    },
    {
      "mode": "managed",
      "type": "apstra_asn_pool",
      "name": "asn_pool",
      "provider": "provider[\"registry.terraform.io/juniper/apstra\"]",
      "instances": [
        {
          "schema_version": 0,
          "attributes": {
            "id": "d50198f5-6e13-4a21-b034-e92ce88179f9",
            "name": "asn_pool",
            "ranges": [
              {
                "first": 64512,
                "last": 64999,
                "status": "pool_element_available",
                "total": 488,
                "used": 0,
                "used_percentage": 0
              }
            ],
            "status": "not_in_use",
            "total": 488,
            "used": 0,
            "used_percentage": 0
          },
          "sensitive_attributes": []
        }
      ]
    },
    {
      "mode": "managed",
      "type": "apstra_blueprint_deployment",
      "name": "dc1_deploy",
      "provider": "provider[\"registry.terraform.io/juniper/apstra\"]",
      "instances": [
        {
          "schema_version": 0,
          "attributes": {
            "blueprint_id": "7f92bd1b-425f-4308-88aa-e64f6cbc1fe2",
            "comment": "Deployment by Terraform {{.TerraformVersion}}, Apstra provider {{.ProviderVersion}}, User $USER.",
            "has_uncommitted_changes": false,
            "revision_active": 70,
            "revision_staged": 70
          },
          "sensitive_attributes": [],
          "dependencies": [
            "apstra_asn_pool.asn_pool",
            "apstra_datacenter_blueprint.dc1_blueprint",
            "apstra_datacenter_connectivity_template.dc1_vn1_blue_ct",
            "apstra_datacenter_connectivity_template.dc1_vn1_red_ct",
            "apstra_datacenter_connectivity_template.dc1_vn2_blue_ct",
            "apstra_datacenter_connectivity_template.dc1_vn2_red_ct",
            "apstra_datacenter_connectivity_template_assignment.assign_ct_dc1_vn1_blue_h2",
            "apstra_datacenter_connectivity_template_assignment.assign_ct_dc1_vn1_red_h1",
            "apstra_datacenter_connectivity_template_assignment.assign_ct_dc1_vn1_red_h5",
            "apstra_datacenter_connectivity_template_assignment.assign_ct_dc1_vn1_red_h7",
            "apstra_datacenter_connectivity_template_assignment.assign_ct_dc1_vn1_red_h9",
            "apstra_datacenter_connectivity_template_assignment.assign_ct_dc1_vn2_blue_h4",
            "apstra_datacenter_connectivity_template_assignment.assign_ct_dc1_vn2_blue_h6",
            "apstra_datacenter_connectivity_template_assignment.assign_ct_dc1_vn2_blue_h8",
            "apstra_datacenter_connectivity_template_assignment.assign_ct_dc1_vn2_red_h3",
            "apstra_datacenter_device_allocation.devices",
            "apstra_datacenter_resource_pool_allocation.blue_rz_loopback",
            "apstra_datacenter_resource_pool_allocation.leaf_asns",
            "apstra_datacenter_resource_pool_allocation.leaf_loopbacks",
            "apstra_datacenter_resource_pool_allocation.p2p_interfaces",
            "apstra_datacenter_resource_pool_allocation.red_rz_loopback",
            "apstra_datacenter_resource_pool_allocation.spine_asns",
            "apstra_datacenter_resource_pool_allocation.spine_loopbacks",
            "apstra_datacenter_routing_zone.blue",
            "apstra_datacenter_routing_zone.red",
            "apstra_datacenter_virtual_network.dc1_vn1_blue",
            "apstra_datacenter_virtual_network.dc1_vn1_red",
            "apstra_datacenter_virtual_network.dc1_vn2_blue",
            "apstra_datacenter_virtual_network.dc1_vn2_red",
            "apstra_interface_map.vJunos_IM",
            "apstra_ipv4_pool.evpn_loopback",
            "apstra_ipv4_pool.loopback",
            "apstra_ipv4_pool.p2p",
            "apstra_logical_device.vJunos_LD",
            "apstra_managed_device.device",
            "apstra_managed_device_ack.device",
            "apstra_rack_type.dc1_border",
            "apstra_rack_type.dc1_esi_esxi",
            "apstra_rack_type.dc1_single",
            "apstra_tag.host_tags",
            "apstra_template_rack_based.dc1_template",
            "data.apstra_agent.agent",
            "data.apstra_agent_profile.junos-profile",
            "data.apstra_datacenter_ct_virtual_network_single.dc1_vn1_blue_vlan",
            "data.apstra_datacenter_ct_virtual_network_single.dc1_vn1_red_vlan",
            "data.apstra_datacenter_ct_virtual_network_single.dc1_vn2_blue_vlan",
            "data.apstra_datacenter_ct_virtual_network_single.dc1_vn2_red_vlan",
            "data.apstra_datacenter_interfaces_by_link_tag.h1_link",
            "data.apstra_datacenter_interfaces_by_link_tag.h2_link",
            "data.apstra_datacenter_interfaces_by_link_tag.h3_link",
            "data.apstra_datacenter_interfaces_by_link_tag.h4_link",
            "data.apstra_datacenter_interfaces_by_link_tag.h5_link",
            "data.apstra_datacenter_interfaces_by_link_tag.h6_link",
            "data.apstra_datacenter_interfaces_by_link_tag.h7_link",
            "data.apstra_datacenter_interfaces_by_link_tag.h8_link",
            "data.apstra_datacenter_interfaces_by_link_tag.h9_link",
            "data.apstra_datacenter_virtual_network_binding_constructor.all",
            "data.apstra_datacenter_virtual_networks.dc1_vn1_blue",
            "data.apstra_datacenter_virtual_networks.dc1_vn1_red",
            "data.apstra_datacenter_virtual_networks.dc1_vn2_blue",
            "data.apstra_datacenter_virtual_networks.dc1_vn2_red"
          ]
        }
      ]
    },
    {
      "mode": "managed",
      "type": "apstra_datacenter_blueprint",
      "name": "dc1_blueprint",
      "provider": "provider[\"registry.terraform.io/juniper/apstra\"]",
      "instances": [
        {
          "schema_version": 0,
          "attributes": {
            "access_switch_count": 0,
            "build_errors_count": 81,
            "build_warnings_count": 0,
            "esi_mac_msb": 2,
            "external_router_count": 0,
            "fabric_addressing": null,
            "generic_system_count": 9,
            "has_uncommitted_changes": true,
            "id": "7f92bd1b-425f-4308-88aa-e64f6cbc1fe2",
            "ipv6_applications": false,
            "leaf_switch_count": 5,
            "name": "dc1",
            "spine_count": 2,
            "status": "created",
            "superspine_count": 0,
            "template_id": "4002458f-6851-483d-a38d-098620bceda8",
            "version": 1
          },
          "sensitive_attributes": [],
          "dependencies": [
            "apstra_logical_device.vJunos_LD",
            "apstra_rack_type.dc1_border",
            "apstra_rack_type.dc1_esi_esxi",
            "apstra_rack_type.dc1_single",
            "apstra_tag.host_tags",
            "apstra_template_rack_based.dc1_template"
          ]
        }
      ]
    },
    {
      "mode": "managed",
      "type": "apstra_datacenter_connectivity_template",
      "name": "dc1_vn1_blue_ct",
      "provider": "provider[\"registry.terraform.io/juniper/apstra\"]",
      "instances": [
        {
          "schema_version": 0,
          "attributes": {
            "blueprint_id": "7f92bd1b-425f-4308-88aa-e64f6cbc1fe2",
            "description": "DC1 VN1 Blue untagged",
            "id": "714199c2-69dd-11ee-89c2-617073747261",
            "name": "dc1_vn1_blue_vlan",
            "primitives": [
              "{\"type\":\"AttachSingleVLAN\",\"label\":\"\",\"data\":{\"vn_id\":\"bor9TGJYGGaEImrw2m4\",\"tagged\":false}}"
            ],
            "tags": null
          },
          "sensitive_attributes": [],
          "dependencies": [
            "apstra_datacenter_blueprint.dc1_blueprint",
            "apstra_datacenter_device_allocation.devices",
            "apstra_datacenter_routing_zone.blue",
            "apstra_datacenter_virtual_network.dc1_vn1_blue",
            "apstra_interface_map.vJunos_IM",
            "apstra_logical_device.vJunos_LD",
            "apstra_managed_device.device",
            "apstra_managed_device_ack.device",
            "apstra_rack_type.dc1_border",
            "apstra_rack_type.dc1_esi_esxi",
            "apstra_rack_type.dc1_single",
            "apstra_tag.host_tags",
            "apstra_template_rack_based.dc1_template",
            "data.apstra_agent.agent",
            "data.apstra_agent_profile.junos-profile",
            "data.apstra_datacenter_ct_virtual_network_single.dc1_vn1_blue_vlan",
            "data.apstra_datacenter_virtual_network_binding_constructor.all",
            "data.apstra_datacenter_virtual_networks.dc1_vn1_blue"
          ]
        }
      ]
    },
    {
      "mode": "managed",
      "type": "apstra_datacenter_connectivity_template",
      "name": "dc1_vn1_red_ct",
      "provider": "provider[\"registry.terraform.io/juniper/apstra\"]",
      "instances": [
        {
          "schema_version": 0,
          "attributes": {
            "blueprint_id": "7f92bd1b-425f-4308-88aa-e64f6cbc1fe2",
            "description": "DC1 VN1 Red untagged",
            "id": "708e4b1e-69dd-11ee-89c2-617073747261",
            "name": "dc1_vn1_red_vlan",
            "primitives": [
              "{\"type\":\"AttachSingleVLAN\",\"label\":\"\",\"data\":{\"vn_id\":\"ZlXlkrD3cqAniaUl7Uk\",\"tagged\":false}}"
            ],
            "tags": null
          },
          "sensitive_attributes": [],
          "dependencies": [
            "apstra_datacenter_blueprint.dc1_blueprint",
            "apstra_datacenter_device_allocation.devices",
            "apstra_datacenter_routing_zone.red",
            "apstra_datacenter_virtual_network.dc1_vn1_red",
            "apstra_interface_map.vJunos_IM",
            "apstra_logical_device.vJunos_LD",
            "apstra_managed_device.device",
            "apstra_managed_device_ack.device",
            "apstra_rack_type.dc1_border",
            "apstra_rack_type.dc1_esi_esxi",
            "apstra_rack_type.dc1_single",
            "apstra_tag.host_tags",
            "apstra_template_rack_based.dc1_template",
            "data.apstra_agent.agent",
            "data.apstra_agent_profile.junos-profile",
            "data.apstra_datacenter_ct_virtual_network_single.dc1_vn1_red_vlan",
            "data.apstra_datacenter_virtual_network_binding_constructor.all",
            "data.apstra_datacenter_virtual_networks.dc1_vn1_red"
          ]
        }
      ]
    },
    {
      "mode": "managed",
      "type": "apstra_datacenter_connectivity_template",
      "name": "dc1_vn2_blue_ct",
      "provider": "provider[\"registry.terraform.io/juniper/apstra\"]",
      "instances": [
        {
          "schema_version": 0,
          "attributes": {
            "blueprint_id": "7f92bd1b-425f-4308-88aa-e64f6cbc1fe2",
            "description": "DC1 VN2 Blue untagged",
            "id": "719d2611-69dd-11ee-89c2-617073747261",
            "name": "dc1_vn2_blue_vlan",
            "primitives": [
              "{\"type\":\"AttachSingleVLAN\",\"label\":\"\",\"data\":{\"vn_id\":\"spSZKk-6JZeicwQiDXQ\",\"tagged\":false}}"
            ],
            "tags": null
          },
          "sensitive_attributes": [],
          "dependencies": [
            "apstra_datacenter_blueprint.dc1_blueprint",
            "apstra_datacenter_device_allocation.devices",
            "apstra_datacenter_routing_zone.blue",
            "apstra_datacenter_virtual_network.dc1_vn2_blue",
            "apstra_interface_map.vJunos_IM",
            "apstra_logical_device.vJunos_LD",
            "apstra_managed_device.device",
            "apstra_managed_device_ack.device",
            "apstra_rack_type.dc1_border",
            "apstra_rack_type.dc1_esi_esxi",
            "apstra_rack_type.dc1_single",
            "apstra_tag.host_tags",
            "apstra_template_rack_based.dc1_template",
            "data.apstra_agent.agent",
            "data.apstra_agent_profile.junos-profile",
            "data.apstra_datacenter_ct_virtual_network_single.dc1_vn2_blue_vlan",
            "data.apstra_datacenter_virtual_network_binding_constructor.all",
            "data.apstra_datacenter_virtual_networks.dc1_vn2_blue"
          ]
        }
      ]
    },
    {
      "mode": "managed",
      "type": "apstra_datacenter_connectivity_template",
      "name": "dc1_vn2_red_ct",
      "provider": "provider[\"registry.terraform.io/juniper/apstra\"]",
      "instances": [
        {
          "schema_version": 0,
          "attributes": {
            "blueprint_id": "7f92bd1b-425f-4308-88aa-e64f6cbc1fe2",
            "description": "DC1 VN2 Red untagged",
            "id": "70be9dfd-69dd-11ee-89c2-617073747261",
            "name": "dc1_vn2_red_vlan",
            "primitives": [
              "{\"type\":\"AttachSingleVLAN\",\"label\":\"\",\"data\":{\"vn_id\":\"0KygIvfYm8p8FbUL71s\",\"tagged\":false}}"
            ],
            "tags": null
          },
          "sensitive_attributes": [],
          "dependencies": [
            "apstra_datacenter_blueprint.dc1_blueprint",
            "apstra_datacenter_device_allocation.devices",
            "apstra_datacenter_routing_zone.red",
            "apstra_datacenter_virtual_network.dc1_vn2_red",
            "apstra_interface_map.vJunos_IM",
            "apstra_logical_device.vJunos_LD",
            "apstra_managed_device.device",
            "apstra_managed_device_ack.device",
            "apstra_rack_type.dc1_border",
            "apstra_rack_type.dc1_esi_esxi",
            "apstra_rack_type.dc1_single",
            "apstra_tag.host_tags",
            "apstra_template_rack_based.dc1_template",
            "data.apstra_agent.agent",
            "data.apstra_agent_profile.junos-profile",
            "data.apstra_datacenter_ct_virtual_network_single.dc1_vn2_red_vlan",
            "data.apstra_datacenter_virtual_network_binding_constructor.all",
            "data.apstra_datacenter_virtual_networks.dc1_vn2_red"
          ]
        }
      ]
    },
    {
      "mode": "managed",
      "type": "apstra_datacenter_connectivity_template_assignment",
      "name": "assign_ct_dc1_vn1_blue_h2",
      "provider": "provider[\"registry.terraform.io/juniper/apstra\"]",
      "instances": [
        {
          "schema_version": 0,
          "attributes": {
            "application_point_id": "9_phua2GhCE9mozvN1o",
            "blueprint_id": "7f92bd1b-425f-4308-88aa-e64f6cbc1fe2",
            "connectivity_template_ids": [
              "714199c2-69dd-11ee-89c2-617073747261"
            ]
          },
          "sensitive_attributes": [],
          "dependencies": [
            "apstra_datacenter_blueprint.dc1_blueprint",
            "apstra_datacenter_connectivity_template.dc1_vn1_blue_ct",
            "apstra_datacenter_device_allocation.devices",
            "apstra_datacenter_routing_zone.blue",
            "apstra_datacenter_virtual_network.dc1_vn1_blue",
            "apstra_interface_map.vJunos_IM",
            "apstra_logical_device.vJunos_LD",
            "apstra_managed_device.device",
            "apstra_managed_device_ack.device",
            "apstra_rack_type.dc1_border",
            "apstra_rack_type.dc1_esi_esxi",
            "apstra_rack_type.dc1_single",
            "apstra_tag.host_tags",
            "apstra_template_rack_based.dc1_template",
            "data.apstra_agent.agent",
            "data.apstra_agent_profile.junos-profile",
            "data.apstra_datacenter_ct_virtual_network_single.dc1_vn1_blue_vlan",
            "data.apstra_datacenter_interfaces_by_link_tag.h2_link",
            "data.apstra_datacenter_virtual_network_binding_constructor.all",
            "data.apstra_datacenter_virtual_networks.dc1_vn1_blue"
          ]
        }
      ]
    },
    {
      "mode": "managed",
      "type": "apstra_datacenter_connectivity_template_assignment",
      "name": "assign_ct_dc1_vn1_red_h1",
      "provider": "provider[\"registry.terraform.io/juniper/apstra\"]",
      "instances": [
        {
          "schema_version": 0,
          "attributes": {
            "application_point_id": "hKS_ZhOHfz99N3iXeEc",
            "blueprint_id": "7f92bd1b-425f-4308-88aa-e64f6cbc1fe2",
            "connectivity_template_ids": [
              "708e4b1e-69dd-11ee-89c2-617073747261"
            ]
          },
          "sensitive_attributes": [],
          "dependencies": [
            "apstra_datacenter_blueprint.dc1_blueprint",
            "apstra_datacenter_connectivity_template.dc1_vn1_red_ct",
            "apstra_datacenter_device_allocation.devices",
            "apstra_datacenter_routing_zone.red",
            "apstra_datacenter_virtual_network.dc1_vn1_red",
            "apstra_interface_map.vJunos_IM",
            "apstra_logical_device.vJunos_LD",
            "apstra_managed_device.device",
            "apstra_managed_device_ack.device",
            "apstra_rack_type.dc1_border",
            "apstra_rack_type.dc1_esi_esxi",
            "apstra_rack_type.dc1_single",
            "apstra_tag.host_tags",
            "apstra_template_rack_based.dc1_template",
            "data.apstra_agent.agent",
            "data.apstra_agent_profile.junos-profile",
            "data.apstra_datacenter_ct_virtual_network_single.dc1_vn1_red_vlan",
            "data.apstra_datacenter_interfaces_by_link_tag.h1_link",
            "data.apstra_datacenter_virtual_network_binding_constructor.all",
            "data.apstra_datacenter_virtual_networks.dc1_vn1_red"
          ]
        }
      ]
    },
    {
      "mode": "managed",
      "type": "apstra_datacenter_connectivity_template_assignment",
      "name": "assign_ct_dc1_vn1_red_h5",
      "provider": "provider[\"registry.terraform.io/juniper/apstra\"]",
      "instances": [
        {
          "schema_version": 0,
          "attributes": {
            "application_point_id": "WqbGK1Png3z3yrWJuYM",
            "blueprint_id": "7f92bd1b-425f-4308-88aa-e64f6cbc1fe2",
            "connectivity_template_ids": [
              "708e4b1e-69dd-11ee-89c2-617073747261"
            ]
          },
          "sensitive_attributes": [],
          "dependencies": [
            "apstra_datacenter_blueprint.dc1_blueprint",
            "apstra_datacenter_connectivity_template.dc1_vn1_red_ct",
            "apstra_datacenter_device_allocation.devices",
            "apstra_datacenter_routing_zone.red",
            "apstra_datacenter_virtual_network.dc1_vn1_red",
            "apstra_interface_map.vJunos_IM",
            "apstra_logical_device.vJunos_LD",
            "apstra_managed_device.device",
            "apstra_managed_device_ack.device",
            "apstra_rack_type.dc1_border",
            "apstra_rack_type.dc1_esi_esxi",
            "apstra_rack_type.dc1_single",
            "apstra_tag.host_tags",
            "apstra_template_rack_based.dc1_template",
            "data.apstra_agent.agent",
            "data.apstra_agent_profile.junos-profile",
            "data.apstra_datacenter_ct_virtual_network_single.dc1_vn1_red_vlan",
            "data.apstra_datacenter_interfaces_by_link_tag.h5_link",
            "data.apstra_datacenter_virtual_network_binding_constructor.all",
            "data.apstra_datacenter_virtual_networks.dc1_vn1_red"
          ]
        }
      ]
    },
    {
      "mode": "managed",
      "type": "apstra_datacenter_connectivity_template_assignment",
      "name": "assign_ct_dc1_vn1_red_h7",
      "provider": "provider[\"registry.terraform.io/juniper/apstra\"]",
      "instances": [
        {
          "schema_version": 0,
          "attributes": {
            "application_point_id": "T8AWiyFz0YP8_MPF0H8",
            "blueprint_id": "7f92bd1b-425f-4308-88aa-e64f6cbc1fe2",
            "connectivity_template_ids": [
              "708e4b1e-69dd-11ee-89c2-617073747261"
            ]
          },
          "sensitive_attributes": [],
          "dependencies": [
            "apstra_datacenter_blueprint.dc1_blueprint",
            "apstra_datacenter_connectivity_template.dc1_vn1_red_ct",
            "apstra_datacenter_device_allocation.devices",
            "apstra_datacenter_routing_zone.red",
            "apstra_datacenter_virtual_network.dc1_vn1_red",
            "apstra_interface_map.vJunos_IM",
            "apstra_logical_device.vJunos_LD",
            "apstra_managed_device.device",
            "apstra_managed_device_ack.device",
            "apstra_rack_type.dc1_border",
            "apstra_rack_type.dc1_esi_esxi",
            "apstra_rack_type.dc1_single",
            "apstra_tag.host_tags",
            "apstra_template_rack_based.dc1_template",
            "data.apstra_agent.agent",
            "data.apstra_agent_profile.junos-profile",
            "data.apstra_datacenter_ct_virtual_network_single.dc1_vn1_red_vlan",
            "data.apstra_datacenter_interfaces_by_link_tag.h7_link",
            "data.apstra_datacenter_virtual_network_binding_constructor.all",
            "data.apstra_datacenter_virtual_networks.dc1_vn1_red"
          ]
        }
      ]
    },
    {
      "mode": "managed",
      "type": "apstra_datacenter_connectivity_template_assignment",
      "name": "assign_ct_dc1_vn1_red_h9",
      "provider": "provider[\"registry.terraform.io/juniper/apstra\"]",
      "instances": [
        {
          "schema_version": 0,
          "attributes": {
            "application_point_id": "LIB9WcRF6gelB-Oe6zU",
            "blueprint_id": "7f92bd1b-425f-4308-88aa-e64f6cbc1fe2",
            "connectivity_template_ids": [
              "708e4b1e-69dd-11ee-89c2-617073747261"
            ]
          },
          "sensitive_attributes": [],
          "dependencies": [
            "apstra_datacenter_blueprint.dc1_blueprint",
            "apstra_datacenter_connectivity_template.dc1_vn1_red_ct",
            "apstra_datacenter_device_allocation.devices",
            "apstra_datacenter_routing_zone.red",
            "apstra_datacenter_virtual_network.dc1_vn1_red",
            "apstra_interface_map.vJunos_IM",
            "apstra_logical_device.vJunos_LD",
            "apstra_managed_device.device",
            "apstra_managed_device_ack.device",
            "apstra_rack_type.dc1_border",
            "apstra_rack_type.dc1_esi_esxi",
            "apstra_rack_type.dc1_single",
            "apstra_tag.host_tags",
            "apstra_template_rack_based.dc1_template",
            "data.apstra_agent.agent",
            "data.apstra_agent_profile.junos-profile",
            "data.apstra_datacenter_ct_virtual_network_single.dc1_vn1_red_vlan",
            "data.apstra_datacenter_interfaces_by_link_tag.h9_link",
            "data.apstra_datacenter_virtual_network_binding_constructor.all",
            "data.apstra_datacenter_virtual_networks.dc1_vn1_red"
          ]
        }
      ]
    },
    {
      "mode": "managed",
      "type": "apstra_datacenter_connectivity_template_assignment",
      "name": "assign_ct_dc1_vn2_blue_h4",
      "provider": "provider[\"registry.terraform.io/juniper/apstra\"]",
      "instances": [
        {
          "schema_version": 0,
          "attributes": {
            "application_point_id": "CfdFk682o8BhYrRVmBQ",
            "blueprint_id": "7f92bd1b-425f-4308-88aa-e64f6cbc1fe2",
            "connectivity_template_ids": [
              "719d2611-69dd-11ee-89c2-617073747261"
            ]
          },
          "sensitive_attributes": [],
          "dependencies": [
            "apstra_datacenter_blueprint.dc1_blueprint",
            "apstra_datacenter_connectivity_template.dc1_vn2_blue_ct",
            "apstra_datacenter_device_allocation.devices",
            "apstra_datacenter_routing_zone.blue",
            "apstra_datacenter_virtual_network.dc1_vn2_blue",
            "apstra_interface_map.vJunos_IM",
            "apstra_logical_device.vJunos_LD",
            "apstra_managed_device.device",
            "apstra_managed_device_ack.device",
            "apstra_rack_type.dc1_border",
            "apstra_rack_type.dc1_esi_esxi",
            "apstra_rack_type.dc1_single",
            "apstra_tag.host_tags",
            "apstra_template_rack_based.dc1_template",
            "data.apstra_agent.agent",
            "data.apstra_agent_profile.junos-profile",
            "data.apstra_datacenter_ct_virtual_network_single.dc1_vn2_blue_vlan",
            "data.apstra_datacenter_interfaces_by_link_tag.h4_link",
            "data.apstra_datacenter_virtual_network_binding_constructor.all",
            "data.apstra_datacenter_virtual_networks.dc1_vn2_blue"
          ]
        }
      ]
    },
    {
      "mode": "managed",
      "type": "apstra_datacenter_connectivity_template_assignment",
      "name": "assign_ct_dc1_vn2_blue_h6",
      "provider": "provider[\"registry.terraform.io/juniper/apstra\"]",
      "instances": [
        {
          "schema_version": 0,
          "attributes": {
            "application_point_id": "gJZ_QiV6ZPrrQTOMUkw",
            "blueprint_id": "7f92bd1b-425f-4308-88aa-e64f6cbc1fe2",
            "connectivity_template_ids": [
              "719d2611-69dd-11ee-89c2-617073747261"
            ]
          },
          "sensitive_attributes": [],
          "dependencies": [
            "apstra_datacenter_blueprint.dc1_blueprint",
            "apstra_datacenter_connectivity_template.dc1_vn2_blue_ct",
            "apstra_datacenter_device_allocation.devices",
            "apstra_datacenter_routing_zone.blue",
            "apstra_datacenter_virtual_network.dc1_vn2_blue",
            "apstra_interface_map.vJunos_IM",
            "apstra_logical_device.vJunos_LD",
            "apstra_managed_device.device",
            "apstra_managed_device_ack.device",
            "apstra_rack_type.dc1_border",
            "apstra_rack_type.dc1_esi_esxi",
            "apstra_rack_type.dc1_single",
            "apstra_tag.host_tags",
            "apstra_template_rack_based.dc1_template",
            "data.apstra_agent.agent",
            "data.apstra_agent_profile.junos-profile",
            "data.apstra_datacenter_ct_virtual_network_single.dc1_vn2_blue_vlan",
            "data.apstra_datacenter_interfaces_by_link_tag.h6_link",
            "data.apstra_datacenter_virtual_network_binding_constructor.all",
            "data.apstra_datacenter_virtual_networks.dc1_vn2_blue"
          ]
        }
      ]
    },
    {
      "mode": "managed",
      "type": "apstra_datacenter_connectivity_template_assignment",
      "name": "assign_ct_dc1_vn2_blue_h8",
      "provider": "provider[\"registry.terraform.io/juniper/apstra\"]",
      "instances": [
        {
          "schema_version": 0,
          "attributes": {
            "application_point_id": "_eYoutkhtydeDvRewNE",
            "blueprint_id": "7f92bd1b-425f-4308-88aa-e64f6cbc1fe2",
            "connectivity_template_ids": [
              "719d2611-69dd-11ee-89c2-617073747261"
            ]
          },
          "sensitive_attributes": [],
          "dependencies": [
            "apstra_datacenter_blueprint.dc1_blueprint",
            "apstra_datacenter_connectivity_template.dc1_vn2_blue_ct",
            "apstra_datacenter_device_allocation.devices",
            "apstra_datacenter_routing_zone.blue",
            "apstra_datacenter_virtual_network.dc1_vn2_blue",
            "apstra_interface_map.vJunos_IM",
            "apstra_logical_device.vJunos_LD",
            "apstra_managed_device.device",
            "apstra_managed_device_ack.device",
            "apstra_rack_type.dc1_border",
            "apstra_rack_type.dc1_esi_esxi",
            "apstra_rack_type.dc1_single",
            "apstra_tag.host_tags",
            "apstra_template_rack_based.dc1_template",
            "data.apstra_agent.agent",
            "data.apstra_agent_profile.junos-profile",
            "data.apstra_datacenter_ct_virtual_network_single.dc1_vn2_blue_vlan",
            "data.apstra_datacenter_interfaces_by_link_tag.h8_link",
            "data.apstra_datacenter_virtual_network_binding_constructor.all",
            "data.apstra_datacenter_virtual_networks.dc1_vn2_blue"
          ]
        }
      ]
    },
    {
      "mode": "managed",
      "type": "apstra_datacenter_connectivity_template_assignment",
      "name": "assign_ct_dc1_vn2_red_h3",
      "provider": "provider[\"registry.terraform.io/juniper/apstra\"]",
      "instances": [
        {
          "schema_version": 0,
          "attributes": {
            "application_point_id": "tKKVWK6yMIuWTx_Ux2Y",
            "blueprint_id": "7f92bd1b-425f-4308-88aa-e64f6cbc1fe2",
            "connectivity_template_ids": [
              "70be9dfd-69dd-11ee-89c2-617073747261"
            ]
          },
          "sensitive_attributes": [],
          "dependencies": [
            "apstra_datacenter_blueprint.dc1_blueprint",
            "apstra_datacenter_connectivity_template.dc1_vn2_red_ct",
            "apstra_datacenter_device_allocation.devices",
            "apstra_datacenter_routing_zone.red",
            "apstra_datacenter_virtual_network.dc1_vn2_red",
            "apstra_interface_map.vJunos_IM",
            "apstra_logical_device.vJunos_LD",
            "apstra_managed_device.device",
            "apstra_managed_device_ack.device",
            "apstra_rack_type.dc1_border",
            "apstra_rack_type.dc1_esi_esxi",
            "apstra_rack_type.dc1_single",
            "apstra_tag.host_tags",
            "apstra_template_rack_based.dc1_template",
            "data.apstra_agent.agent",
            "data.apstra_agent_profile.junos-profile",
            "data.apstra_datacenter_ct_virtual_network_single.dc1_vn2_red_vlan",
            "data.apstra_datacenter_interfaces_by_link_tag.h3_link",
            "data.apstra_datacenter_virtual_network_binding_constructor.all",
            "data.apstra_datacenter_virtual_networks.dc1_vn2_red"
          ]
        }
      ]
    },
    {
      "mode": "managed",
      "type": "apstra_datacenter_device_allocation",
      "name": "devices",
      "provider": "provider[\"registry.terraform.io/juniper/apstra\"]",
      "instances": [
        {
          "index_key": "leaf1",
          "schema_version": 0,
          "attributes": {
            "blueprint_id": "7f92bd1b-425f-4308-88aa-e64f6cbc1fe2",
            "deploy_mode": "deploy",
            "device_key": "0C003BCBA700",
            "device_profile_node_id": "9uITYFcJpZb8ECE1D3Y",
            "initial_interface_map_id": "44e0ee12-9080-4542-a93f-804ca4e25044",
            "interface_map_name": "vJunos-IM",
            "node_id": "ieYVTw0Xd2ZNXJbyFr4",
            "node_name": "dc1_single_001_leaf1"
          },
          "sensitive_attributes": [],
          "dependencies": [
            "apstra_datacenter_blueprint.dc1_blueprint",
            "apstra_interface_map.vJunos_IM",
            "apstra_logical_device.vJunos_LD",
            "apstra_managed_device.device",
            "apstra_managed_device_ack.device",
            "apstra_rack_type.dc1_border",
            "apstra_rack_type.dc1_esi_esxi",
            "apstra_rack_type.dc1_single",
            "apstra_tag.host_tags",
            "apstra_template_rack_based.dc1_template",
            "data.apstra_agent.agent",
            "data.apstra_agent_profile.junos-profile"
          ]
        },
        {
          "index_key": "leaf2",
          "schema_version": 0,
          "attributes": {
            "blueprint_id": "7f92bd1b-425f-4308-88aa-e64f6cbc1fe2",
            "deploy_mode": "deploy",
            "device_key": "0C00B486B400",
            "device_profile_node_id": "9uITYFcJpZb8ECE1D3Y",
            "initial_interface_map_id": "44e0ee12-9080-4542-a93f-804ca4e25044",
            "interface_map_name": "vJunos-IM",
            "node_id": "b2gF6aJAJz8qTtvrAsQ",
            "node_name": "dc1_esi_esxi_001_leaf1"
          },
          "sensitive_attributes": [],
          "dependencies": [
            "apstra_datacenter_blueprint.dc1_blueprint",
            "apstra_interface_map.vJunos_IM",
            "apstra_logical_device.vJunos_LD",
            "apstra_managed_device.device",
            "apstra_managed_device_ack.device",
            "apstra_rack_type.dc1_border",
            "apstra_rack_type.dc1_esi_esxi",
            "apstra_rack_type.dc1_single",
            "apstra_tag.host_tags",
            "apstra_template_rack_based.dc1_template",
            "data.apstra_agent.agent",
            "data.apstra_agent_profile.junos-profile"
          ]
        },
        {
          "index_key": "leaf3",
          "schema_version": 0,
          "attributes": {
            "blueprint_id": "7f92bd1b-425f-4308-88aa-e64f6cbc1fe2",
            "deploy_mode": "deploy",
            "device_key": "0C00EB771D00",
            "device_profile_node_id": "9uITYFcJpZb8ECE1D3Y",
            "initial_interface_map_id": "44e0ee12-9080-4542-a93f-804ca4e25044",
            "interface_map_name": "vJunos-IM",
            "node_id": "HAX3VvEXK7HOxncR4_w",
            "node_name": "dc1_esi_esxi_001_leaf2"
          },
          "sensitive_attributes": [],
          "dependencies": [
            "apstra_datacenter_blueprint.dc1_blueprint",
            "apstra_interface_map.vJunos_IM",
            "apstra_logical_device.vJunos_LD",
            "apstra_managed_device.device",
            "apstra_managed_device_ack.device",
            "apstra_rack_type.dc1_border",
            "apstra_rack_type.dc1_esi_esxi",
            "apstra_rack_type.dc1_single",
            "apstra_tag.host_tags",
            "apstra_template_rack_based.dc1_template",
            "data.apstra_agent.agent",
            "data.apstra_agent_profile.junos-profile"
          ]
        },
        {
          "index_key": "leaf4",
          "schema_version": 0,
          "attributes": {
            "blueprint_id": "7f92bd1b-425f-4308-88aa-e64f6cbc1fe2",
            "deploy_mode": "deploy",
            "device_key": "0C005ADEC600",
            "device_profile_node_id": "9uITYFcJpZb8ECE1D3Y",
            "initial_interface_map_id": "44e0ee12-9080-4542-a93f-804ca4e25044",
            "interface_map_name": "vJunos-IM",
            "node_id": "XXY2bS0iYD77nknm6tE",
            "node_name": "dc1_border_001_leaf1"
          },
          "sensitive_attributes": [],
          "dependencies": [
            "apstra_datacenter_blueprint.dc1_blueprint",
            "apstra_interface_map.vJunos_IM",
            "apstra_logical_device.vJunos_LD",
            "apstra_managed_device.device",
            "apstra_managed_device_ack.device",
            "apstra_rack_type.dc1_border",
            "apstra_rack_type.dc1_esi_esxi",
            "apstra_rack_type.dc1_single",
            "apstra_tag.host_tags",
            "apstra_template_rack_based.dc1_template",
            "data.apstra_agent.agent",
            "data.apstra_agent_profile.junos-profile"
          ]
        },
        {
          "index_key": "leaf5",
          "schema_version": 0,
          "attributes": {
            "blueprint_id": "7f92bd1b-425f-4308-88aa-e64f6cbc1fe2",
            "deploy_mode": "deploy",
            "device_key": "0C004204FC00",
            "device_profile_node_id": "9uITYFcJpZb8ECE1D3Y",
            "initial_interface_map_id": "44e0ee12-9080-4542-a93f-804ca4e25044",
            "interface_map_name": "vJunos-IM",
            "node_id": "VEcLqSqN4RIVL-846AQ",
            "node_name": "dc1_border_001_leaf2"
          },
          "sensitive_attributes": [],
          "dependencies": [
            "apstra_datacenter_blueprint.dc1_blueprint",
            "apstra_interface_map.vJunos_IM",
            "apstra_logical_device.vJunos_LD",
            "apstra_managed_device.device",
            "apstra_managed_device_ack.device",
            "apstra_rack_type.dc1_border",
            "apstra_rack_type.dc1_esi_esxi",
            "apstra_rack_type.dc1_single",
            "apstra_tag.host_tags",
            "apstra_template_rack_based.dc1_template",
            "data.apstra_agent.agent",
            "data.apstra_agent_profile.junos-profile"
          ]
        },
        {
          "index_key": "spine1",
          "schema_version": 0,
          "attributes": {
            "blueprint_id": "7f92bd1b-425f-4308-88aa-e64f6cbc1fe2",
            "deploy_mode": "deploy",
            "device_key": "0C0081705900",
            "device_profile_node_id": "9uITYFcJpZb8ECE1D3Y",
            "initial_interface_map_id": "44e0ee12-9080-4542-a93f-804ca4e25044",
            "interface_map_name": "vJunos-IM",
            "node_id": "tfA1uzcQztKjFpqcdVM",
            "node_name": "spine1"
          },
          "sensitive_attributes": [],
          "dependencies": [
            "apstra_datacenter_blueprint.dc1_blueprint",
            "apstra_interface_map.vJunos_IM",
            "apstra_logical_device.vJunos_LD",
            "apstra_managed_device.device",
            "apstra_managed_device_ack.device",
            "apstra_rack_type.dc1_border",
            "apstra_rack_type.dc1_esi_esxi",
            "apstra_rack_type.dc1_single",
            "apstra_tag.host_tags",
            "apstra_template_rack_based.dc1_template",
            "data.apstra_agent.agent",
            "data.apstra_agent_profile.junos-profile"
          ]
        },
        {
          "index_key": "spine2",
          "schema_version": 0,
          "attributes": {
            "blueprint_id": "7f92bd1b-425f-4308-88aa-e64f6cbc1fe2",
            "deploy_mode": "deploy",
            "device_key": "0C00FC991E00",
            "device_profile_node_id": "9uITYFcJpZb8ECE1D3Y",
            "initial_interface_map_id": "44e0ee12-9080-4542-a93f-804ca4e25044",
            "interface_map_name": "vJunos-IM",
            "node_id": "Og-gb88P_XCFutz2Dzk",
            "node_name": "spine2"
          },
          "sensitive_attributes": [],
          "dependencies": [
            "apstra_datacenter_blueprint.dc1_blueprint",
            "apstra_interface_map.vJunos_IM",
            "apstra_logical_device.vJunos_LD",
            "apstra_managed_device.device",
            "apstra_managed_device_ack.device",
            "apstra_rack_type.dc1_border",
            "apstra_rack_type.dc1_esi_esxi",
            "apstra_rack_type.dc1_single",
            "apstra_tag.host_tags",
            "apstra_template_rack_based.dc1_template",
            "data.apstra_agent.agent",
            "data.apstra_agent_profile.junos-profile"
          ]
        }
      ]
    },
    {
      "mode": "managed",
      "type": "apstra_datacenter_resource_pool_allocation",
      "name": "blue_rz_loopback",
      "provider": "provider[\"registry.terraform.io/juniper/apstra\"]",
      "instances": [
        {
          "schema_version": 0,
          "attributes": {
            "blueprint_id": "7f92bd1b-425f-4308-88aa-e64f6cbc1fe2",
            "pool_ids": [
              "47e600fa-0329-4eb7-94d1-29c9a665e056"
            ],
            "role": "leaf_loopback_ips",
            "routing_zone_id": "530Ox2xr1Gx8Z183DfQ"
          },
          "sensitive_attributes": [],
          "dependencies": [
            "apstra_datacenter_blueprint.dc1_blueprint",
            "apstra_datacenter_routing_zone.blue",
            "apstra_ipv4_pool.evpn_loopback",
            "apstra_logical_device.vJunos_LD",
            "apstra_rack_type.dc1_border",
            "apstra_rack_type.dc1_esi_esxi",
            "apstra_rack_type.dc1_single",
            "apstra_tag.host_tags",
            "apstra_template_rack_based.dc1_template"
          ]
        }
      ]
    },
    {
      "mode": "managed",
      "type": "apstra_datacenter_resource_pool_allocation",
      "name": "leaf_asns",
      "provider": "provider[\"registry.terraform.io/juniper/apstra\"]",
      "instances": [
        {
          "schema_version": 0,
          "attributes": {
            "blueprint_id": "7f92bd1b-425f-4308-88aa-e64f6cbc1fe2",
            "pool_ids": [
              "d50198f5-6e13-4a21-b034-e92ce88179f9"
            ],
            "role": "leaf_asns",
            "routing_zone_id": null
          },
          "sensitive_attributes": [],
          "dependencies": [
            "apstra_asn_pool.asn_pool",
            "apstra_datacenter_blueprint.dc1_blueprint",
            "apstra_logical_device.vJunos_LD",
            "apstra_rack_type.dc1_border",
            "apstra_rack_type.dc1_esi_esxi",
            "apstra_rack_type.dc1_single",
            "apstra_tag.host_tags",
            "apstra_template_rack_based.dc1_template"
          ]
        }
      ]
    },
    {
      "mode": "managed",
      "type": "apstra_datacenter_resource_pool_allocation",
      "name": "leaf_loopbacks",
      "provider": "provider[\"registry.terraform.io/juniper/apstra\"]",
      "instances": [
        {
          "schema_version": 0,
          "attributes": {
            "blueprint_id": "7f92bd1b-425f-4308-88aa-e64f6cbc1fe2",
            "pool_ids": [
              "000f0f77-d8a7-43b5-b5dd-cb8ffaefe33f"
            ],
            "role": "leaf_loopback_ips",
            "routing_zone_id": null
          },
          "sensitive_attributes": [],
          "dependencies": [
            "apstra_datacenter_blueprint.dc1_blueprint",
            "apstra_ipv4_pool.loopback",
            "apstra_logical_device.vJunos_LD",
            "apstra_rack_type.dc1_border",
            "apstra_rack_type.dc1_esi_esxi",
            "apstra_rack_type.dc1_single",
            "apstra_tag.host_tags",
            "apstra_template_rack_based.dc1_template"
          ]
        }
      ]
    },
    {
      "mode": "managed",
      "type": "apstra_datacenter_resource_pool_allocation",
      "name": "p2p_interfaces",
      "provider": "provider[\"registry.terraform.io/juniper/apstra\"]",
      "instances": [
        {
          "schema_version": 0,
          "attributes": {
            "blueprint_id": "7f92bd1b-425f-4308-88aa-e64f6cbc1fe2",
            "pool_ids": [
              "4bd379c5-6e5f-461d-9ec2-6f13277fb741"
            ],
            "role": "spine_leaf_link_ips",
            "routing_zone_id": null
          },
          "sensitive_attributes": [],
          "dependencies": [
            "apstra_datacenter_blueprint.dc1_blueprint",
            "apstra_ipv4_pool.p2p",
            "apstra_logical_device.vJunos_LD",
            "apstra_rack_type.dc1_border",
            "apstra_rack_type.dc1_esi_esxi",
            "apstra_rack_type.dc1_single",
            "apstra_tag.host_tags",
            "apstra_template_rack_based.dc1_template"
          ]
        }
      ]
    },
    {
      "mode": "managed",
      "type": "apstra_datacenter_resource_pool_allocation",
      "name": "red_rz_loopback",
      "provider": "provider[\"registry.terraform.io/juniper/apstra\"]",
      "instances": [
        {
          "schema_version": 0,
          "attributes": {
            "blueprint_id": "7f92bd1b-425f-4308-88aa-e64f6cbc1fe2",
            "pool_ids": [
              "47e600fa-0329-4eb7-94d1-29c9a665e056"
            ],
            "role": "leaf_loopback_ips",
            "routing_zone_id": "igStJrCkMPJeafMRBJE"
          },
          "sensitive_attributes": [],
          "dependencies": [
            "apstra_datacenter_blueprint.dc1_blueprint",
            "apstra_datacenter_routing_zone.red",
            "apstra_ipv4_pool.evpn_loopback",
            "apstra_logical_device.vJunos_LD",
            "apstra_rack_type.dc1_border",
            "apstra_rack_type.dc1_esi_esxi",
            "apstra_rack_type.dc1_single",
            "apstra_tag.host_tags",
            "apstra_template_rack_based.dc1_template"
          ]
        }
      ]
    },
    {
      "mode": "managed",
      "type": "apstra_datacenter_resource_pool_allocation",
      "name": "spine_asns",
      "provider": "provider[\"registry.terraform.io/juniper/apstra\"]",
      "instances": [
        {
          "schema_version": 0,
          "attributes": {
            "blueprint_id": "7f92bd1b-425f-4308-88aa-e64f6cbc1fe2",
            "pool_ids": [
              "d50198f5-6e13-4a21-b034-e92ce88179f9"
            ],
            "role": "spine_asns",
            "routing_zone_id": null
          },
          "sensitive_attributes": [],
          "dependencies": [
            "apstra_asn_pool.asn_pool",
            "apstra_datacenter_blueprint.dc1_blueprint",
            "apstra_logical_device.vJunos_LD",
            "apstra_rack_type.dc1_border",
            "apstra_rack_type.dc1_esi_esxi",
            "apstra_rack_type.dc1_single",
            "apstra_tag.host_tags",
            "apstra_template_rack_based.dc1_template"
          ]
        }
      ]
    },
    {
      "mode": "managed",
      "type": "apstra_datacenter_resource_pool_allocation",
      "name": "spine_loopbacks",
      "provider": "provider[\"registry.terraform.io/juniper/apstra\"]",
      "instances": [
        {
          "schema_version": 0,
          "attributes": {
            "blueprint_id": "7f92bd1b-425f-4308-88aa-e64f6cbc1fe2",
            "pool_ids": [
              "000f0f77-d8a7-43b5-b5dd-cb8ffaefe33f"
            ],
            "role": "spine_loopback_ips",
            "routing_zone_id": null
          },
          "sensitive_attributes": [],
          "dependencies": [
            "apstra_datacenter_blueprint.dc1_blueprint",
            "apstra_ipv4_pool.loopback",
            "apstra_logical_device.vJunos_LD",
            "apstra_rack_type.dc1_border",
            "apstra_rack_type.dc1_esi_esxi",
            "apstra_rack_type.dc1_single",
            "apstra_tag.host_tags",
            "apstra_template_rack_based.dc1_template"
          ]
        }
      ]
    },
    {
      "mode": "managed",
      "type": "apstra_datacenter_routing_zone",
      "name": "blue",
      "provider": "provider[\"registry.terraform.io/juniper/apstra\"]",
      "instances": [
        {
          "schema_version": 0,
          "attributes": {
            "blueprint_id": "7f92bd1b-425f-4308-88aa-e64f6cbc1fe2",
            "dhcp_servers": null,
            "had_prior_vlan_id_config": true,
            "had_prior_vni_config": true,
            "id": "530Ox2xr1Gx8Z183DfQ",
            "name": "blue",
            "routing_policy_id": "ULiiJeRZaNj54XwMTgo",
            "vlan_id": 3,
            "vni": 20002
          },
          "sensitive_attributes": [],
          "dependencies": [
            "apstra_datacenter_blueprint.dc1_blueprint",
            "apstra_logical_device.vJunos_LD",
            "apstra_rack_type.dc1_border",
            "apstra_rack_type.dc1_esi_esxi",
            "apstra_rack_type.dc1_single",
            "apstra_tag.host_tags",
            "apstra_template_rack_based.dc1_template"
          ]
        }
      ]
    },
    {
      "mode": "managed",
      "type": "apstra_datacenter_routing_zone",
      "name": "red",
      "provider": "provider[\"registry.terraform.io/juniper/apstra\"]",
      "instances": [
        {
          "schema_version": 0,
          "attributes": {
            "blueprint_id": "7f92bd1b-425f-4308-88aa-e64f6cbc1fe2",
            "dhcp_servers": null,
            "had_prior_vlan_id_config": true,
            "had_prior_vni_config": true,
            "id": "igStJrCkMPJeafMRBJE",
            "name": "red",
            "routing_policy_id": "ULiiJeRZaNj54XwMTgo",
            "vlan_id": 2,
            "vni": 20001
          },
          "sensitive_attributes": [],
          "dependencies": [
            "apstra_datacenter_blueprint.dc1_blueprint",
            "apstra_logical_device.vJunos_LD",
            "apstra_rack_type.dc1_border",
            "apstra_rack_type.dc1_esi_esxi",
            "apstra_rack_type.dc1_single",
            "apstra_tag.host_tags",
            "apstra_template_rack_based.dc1_template"
          ]
        }
      ]
    },
    {
      "mode": "managed",
      "type": "apstra_datacenter_virtual_network",
      "name": "dc1_vn1_blue",
      "provider": "provider[\"registry.terraform.io/juniper/apstra\"]",
      "instances": [
        {
          "schema_version": 0,
          "attributes": {
            "bindings": {
              "YG8IEoDSI-II-HTbVTU": {
                "access_ids": [],
                "vlan_id": 6
              },
              "ieYVTw0Xd2ZNXJbyFr4": {
                "access_ids": [],
                "vlan_id": 6
              },
              "q9bAfEVajdhyfMBOrgQ": {
                "access_ids": [],
                "vlan_id": 6
              }
            },
            "blueprint_id": "7f92bd1b-425f-4308-88aa-e64f6cbc1fe2",
            "dhcp_service_enabled": false,
            "had_prior_vni_config": true,
            "id": "bor9TGJYGGaEImrw2m4",
            "ipv4_connectivity_enabled": true,
            "ipv4_subnet": "10.12.1.0/24",
            "ipv4_virtual_gateway": "10.12.1.1",
            "ipv4_virtual_gateway_enabled": true,
            "ipv6_connectivity_enabled": false,
            "ipv6_subnet": null,
            "ipv6_virtual_gateway": null,
            "ipv6_virtual_gateway_enabled": false,
            "name": "dc1_vn1_blue",
            "reserve_vlan": false,
            "routing_zone_id": "530Ox2xr1Gx8Z183DfQ",
            "type": "vxlan",
            "vni": 12001
          },
          "sensitive_attributes": [],
          "dependencies": [
            "apstra_datacenter_blueprint.dc1_blueprint",
            "apstra_datacenter_device_allocation.devices",
            "apstra_datacenter_routing_zone.blue",
            "apstra_interface_map.vJunos_IM",
            "apstra_logical_device.vJunos_LD",
            "apstra_managed_device.device",
            "apstra_managed_device_ack.device",
            "apstra_rack_type.dc1_border",
            "apstra_rack_type.dc1_esi_esxi",
            "apstra_rack_type.dc1_single",
            "apstra_tag.host_tags",
            "apstra_template_rack_based.dc1_template",
            "data.apstra_agent.agent",
            "data.apstra_agent_profile.junos-profile",
            "data.apstra_datacenter_virtual_network_binding_constructor.all"
          ]
        }
      ]
    },
    {
      "mode": "managed",
      "type": "apstra_datacenter_virtual_network",
      "name": "dc1_vn1_red",
      "provider": "provider[\"registry.terraform.io/juniper/apstra\"]",
      "instances": [
        {
          "schema_version": 0,
          "attributes": {
            "bindings": {
              "YG8IEoDSI-II-HTbVTU": {
                "access_ids": [],
                "vlan_id": 4
              },
              "ieYVTw0Xd2ZNXJbyFr4": {
                "access_ids": [],
                "vlan_id": 4
              },
              "q9bAfEVajdhyfMBOrgQ": {
                "access_ids": [],
                "vlan_id": 4
              }
            },
            "blueprint_id": "7f92bd1b-425f-4308-88aa-e64f6cbc1fe2",
            "dhcp_service_enabled": false,
            "had_prior_vni_config": true,
            "id": "ZlXlkrD3cqAniaUl7Uk",
            "ipv4_connectivity_enabled": true,
            "ipv4_subnet": "10.11.1.0/24",
            "ipv4_virtual_gateway": "10.11.1.1",
            "ipv4_virtual_gateway_enabled": true,
            "ipv6_connectivity_enabled": false,
            "ipv6_subnet": null,
            "ipv6_virtual_gateway": null,
            "ipv6_virtual_gateway_enabled": false,
            "name": "dc1_vn1_red",
            "reserve_vlan": false,
            "routing_zone_id": "igStJrCkMPJeafMRBJE",
            "type": "vxlan",
            "vni": 11001
          },
          "sensitive_attributes": [],
          "dependencies": [
            "apstra_datacenter_blueprint.dc1_blueprint",
            "apstra_datacenter_device_allocation.devices",
            "apstra_datacenter_routing_zone.red",
            "apstra_interface_map.vJunos_IM",
            "apstra_logical_device.vJunos_LD",
            "apstra_managed_device.device",
            "apstra_managed_device_ack.device",
            "apstra_rack_type.dc1_border",
            "apstra_rack_type.dc1_esi_esxi",
            "apstra_rack_type.dc1_single",
            "apstra_tag.host_tags",
            "apstra_template_rack_based.dc1_template",
            "data.apstra_agent.agent",
            "data.apstra_agent_profile.junos-profile",
            "data.apstra_datacenter_virtual_network_binding_constructor.all"
          ]
        }
      ]
    },
    {
      "mode": "managed",
      "type": "apstra_datacenter_virtual_network",
      "name": "dc1_vn2_blue",
      "provider": "provider[\"registry.terraform.io/juniper/apstra\"]",
      "instances": [
        {
          "schema_version": 0,
          "attributes": {
            "bindings": {
              "YG8IEoDSI-II-HTbVTU": {
                "access_ids": [],
                "vlan_id": 7
              },
              "ieYVTw0Xd2ZNXJbyFr4": {
                "access_ids": [],
                "vlan_id": 7
              },
              "q9bAfEVajdhyfMBOrgQ": {
                "access_ids": [],
                "vlan_id": 7
              }
            },
            "blueprint_id": "7f92bd1b-425f-4308-88aa-e64f6cbc1fe2",
            "dhcp_service_enabled": false,
            "had_prior_vni_config": true,
            "id": "spSZKk-6JZeicwQiDXQ",
            "ipv4_connectivity_enabled": true,
            "ipv4_subnet": "10.12.2.0/24",
            "ipv4_virtual_gateway": "10.12.2.1",
            "ipv4_virtual_gateway_enabled": true,
            "ipv6_connectivity_enabled": false,
            "ipv6_subnet": null,
            "ipv6_virtual_gateway": null,
            "ipv6_virtual_gateway_enabled": false,
            "name": "dc1_vn2_blue",
            "reserve_vlan": false,
            "routing_zone_id": "530Ox2xr1Gx8Z183DfQ",
            "type": "vxlan",
            "vni": 12002
          },
          "sensitive_attributes": [],
          "dependencies": [
            "apstra_datacenter_blueprint.dc1_blueprint",
            "apstra_datacenter_device_allocation.devices",
            "apstra_datacenter_routing_zone.blue",
            "apstra_interface_map.vJunos_IM",
            "apstra_logical_device.vJunos_LD",
            "apstra_managed_device.device",
            "apstra_managed_device_ack.device",
            "apstra_rack_type.dc1_border",
            "apstra_rack_type.dc1_esi_esxi",
            "apstra_rack_type.dc1_single",
            "apstra_tag.host_tags",
            "apstra_template_rack_based.dc1_template",
            "data.apstra_agent.agent",
            "data.apstra_agent_profile.junos-profile",
            "data.apstra_datacenter_virtual_network_binding_constructor.all"
          ]
        }
      ]
    },
    {
      "mode": "managed",
      "type": "apstra_datacenter_virtual_network",
      "name": "dc1_vn2_red",
      "provider": "provider[\"registry.terraform.io/juniper/apstra\"]",
      "instances": [
        {
          "schema_version": 0,
          "attributes": {
            "bindings": {
              "YG8IEoDSI-II-HTbVTU": {
                "access_ids": [],
                "vlan_id": 5
              },
              "ieYVTw0Xd2ZNXJbyFr4": {
                "access_ids": [],
                "vlan_id": 5
              },
              "q9bAfEVajdhyfMBOrgQ": {
                "access_ids": [],
                "vlan_id": 5
              }
            },
            "blueprint_id": "7f92bd1b-425f-4308-88aa-e64f6cbc1fe2",
            "dhcp_service_enabled": false,
            "had_prior_vni_config": true,
            "id": "0KygIvfYm8p8FbUL71s",
            "ipv4_connectivity_enabled": true,
            "ipv4_subnet": "10.11.2.0/24",
            "ipv4_virtual_gateway": "10.11.2.1",
            "ipv4_virtual_gateway_enabled": true,
            "ipv6_connectivity_enabled": false,
            "ipv6_subnet": null,
            "ipv6_virtual_gateway": null,
            "ipv6_virtual_gateway_enabled": false,
            "name": "dc1_vn2_red",
            "reserve_vlan": false,
            "routing_zone_id": "igStJrCkMPJeafMRBJE",
            "type": "vxlan",
            "vni": 11002
          },
          "sensitive_attributes": [],
          "dependencies": [
            "apstra_datacenter_blueprint.dc1_blueprint",
            "apstra_datacenter_device_allocation.devices",
            "apstra_datacenter_routing_zone.red",
            "apstra_interface_map.vJunos_IM",
            "apstra_logical_device.vJunos_LD",
            "apstra_managed_device.device",
            "apstra_managed_device_ack.device",
            "apstra_rack_type.dc1_border",
            "apstra_rack_type.dc1_esi_esxi",
            "apstra_rack_type.dc1_single",
            "apstra_tag.host_tags",
            "apstra_template_rack_based.dc1_template",
            "data.apstra_agent.agent",
            "data.apstra_agent_profile.junos-profile",
            "data.apstra_datacenter_virtual_network_binding_constructor.all"
          ]
        }
      ]
    },
    {
      "mode": "managed",
      "type": "apstra_interface_map",
      "name": "vJunos_IM",
      "provider": "provider[\"registry.terraform.io/juniper/apstra\"]",
      "instances": [
        {
          "schema_version": 0,
          "attributes": {
            "device_profile_id": "164941fb-6e05-4b0e-81e2-8ffab8feb4d6",
            "id": "44e0ee12-9080-4542-a93f-804ca4e25044",
            "interfaces": [
              {
                "logical_device_port": "1/1",
                "physical_interface_name": "ge-0/0/0",
                "transformation_id": 1
              },
              {
                "logical_device_port": "1/10",
                "physical_interface_name": "ge-0/0/9",
                "transformation_id": 1
              },
              {
                "logical_device_port": "1/2",
                "physical_interface_name": "ge-0/0/1",
                "transformation_id": 1
              },
              {
                "logical_device_port": "1/3",
                "physical_interface_name": "ge-0/0/2",
                "transformation_id": 1
              },
              {
                "logical_device_port": "1/4",
                "physical_interface_name": "ge-0/0/3",
                "transformation_id": 1
              },
              {
                "logical_device_port": "1/5",
                "physical_interface_name": "ge-0/0/4",
                "transformation_id": 1
              },
              {
                "logical_device_port": "1/6",
                "physical_interface_name": "ge-0/0/5",
                "transformation_id": 1
              },
              {
                "logical_device_port": "1/7",
                "physical_interface_name": "ge-0/0/6",
                "transformation_id": 1
              },
              {
                "logical_device_port": "1/8",
                "physical_interface_name": "ge-0/0/7",
                "transformation_id": 1
              },
              {
                "logical_device_port": "1/9",
                "physical_interface_name": "ge-0/0/8",
                "transformation_id": 1
              }
            ],
            "logical_device_id": "7988382c-38be-4f44-8ff4-dddd146896e5",
            "name": "vJunos-IM",
            "unused_interfaces": []
          },
          "sensitive_attributes": [],
          "dependencies": [
            "apstra_logical_device.vJunos_LD"
          ]
        }
      ]
    },
    {
      "mode": "managed",
      "type": "apstra_ipv4_pool",
      "name": "evpn_loopback",
      "provider": "provider[\"registry.terraform.io/juniper/apstra\"]",
      "instances": [
        {
          "schema_version": 0,
          "attributes": {
            "id": "47e600fa-0329-4eb7-94d1-29c9a665e056",
            "name": "evpn_loopback",
            "status": "not_in_use",
            "subnets": [
              {
                "network": "192.168.11.0/24",
                "status": "pool_element_available",
                "total": 256,
                "used": 0,
                "used_percentage": 0
              }
            ],
            "total": 256,
            "used": 0,
            "used_percentage": 0
          },
          "sensitive_attributes": []
        }
      ]
    },
    {
      "mode": "managed",
      "type": "apstra_ipv4_pool",
      "name": "loopback",
      "provider": "provider[\"registry.terraform.io/juniper/apstra\"]",
      "instances": [
        {
          "schema_version": 0,
          "attributes": {
            "id": "000f0f77-d8a7-43b5-b5dd-cb8ffaefe33f",
            "name": "loopback",
            "status": "not_in_use",
            "subnets": [
              {
                "network": "192.168.255.0/24",
                "status": "pool_element_available",
                "total": 256,
                "used": 0,
                "used_percentage": 0
              }
            ],
            "total": 256,
            "used": 0,
            "used_percentage": 0
          },
          "sensitive_attributes": []
        }
      ]
    },
    {
      "mode": "managed",
      "type": "apstra_ipv4_pool",
      "name": "p2p",
      "provider": "provider[\"registry.terraform.io/juniper/apstra\"]",
      "instances": [
        {
          "schema_version": 0,
          "attributes": {
            "id": "4bd379c5-6e5f-461d-9ec2-6f13277fb741",
            "name": "p2p",
            "status": "not_in_use",
            "subnets": [
              {
                "network": "10.0.1.0/24",
                "status": "pool_element_available",
                "total": 256,
                "used": 0,
                "used_percentage": 0
              }
            ],
            "total": 256,
            "used": 0,
            "used_percentage": 0
          },
          "sensitive_attributes": []
        }
      ]
    },
    {
      "mode": "managed",
      "type": "apstra_logical_device",
      "name": "vJunos_LD",
      "provider": "provider[\"registry.terraform.io/juniper/apstra\"]",
      "instances": [
        {
          "schema_version": 0,
          "attributes": {
            "id": "7988382c-38be-4f44-8ff4-dddd146896e5",
            "name": "vJunos-LD",
            "panels": [
              {
                "columns": 10,
                "port_groups": [
                  {
                    "port_count": 10,
                    "port_roles": [
                      "access",
                      "generic",
                      "leaf",
                      "peer",
                      "spine"
                    ],
                    "port_speed": "10G"
                  }
                ],
                "rows": 1
              }
            ]
          },
          "sensitive_attributes": []
        }
      ]
    },
    {
      "mode": "managed",
      "type": "apstra_managed_device",
      "name": "device",
      "provider": "provider[\"registry.terraform.io/juniper/apstra\"]",
      "instances": [
        {
          "index_key": "leaf1",
          "schema_version": 0,
          "attributes": {
            "agent_id": "9523be56-ae02-4264-84d3-30da9120e1d7",
            "agent_profile_id": "13a52ddc-f1a1-41e5-9e8a-178a64a429ac",
            "device_key": null,
            "management_ip": "192.168.122.11",
            "off_box": true,
            "system_id": "0C003BCBA700"
          },
          "sensitive_attributes": [],
          "dependencies": [
            "data.apstra_agent_profile.junos-profile"
          ]
        },
        {
          "index_key": "leaf2",
          "schema_version": 0,
          "attributes": {
            "agent_id": "276f8c9d-257c-44e3-991e-64ff7945e6ec",
            "agent_profile_id": "13a52ddc-f1a1-41e5-9e8a-178a64a429ac",
            "device_key": null,
            "management_ip": "192.168.122.12",
            "off_box": true,
            "system_id": "0C00B486B400"
          },
          "sensitive_attributes": [],
          "dependencies": [
            "data.apstra_agent_profile.junos-profile"
          ]
        },
        {
          "index_key": "leaf3",
          "schema_version": 0,
          "attributes": {
            "agent_id": "b283c6d9-ee15-41c9-9c86-e8964c9cf397",
            "agent_profile_id": "13a52ddc-f1a1-41e5-9e8a-178a64a429ac",
            "device_key": null,
            "management_ip": "192.168.122.13",
            "off_box": true,
            "system_id": "0C00EB771D00"
          },
          "sensitive_attributes": [],
          "dependencies": [
            "data.apstra_agent_profile.junos-profile"
          ]
        },
        {
          "index_key": "leaf4",
          "schema_version": 0,
          "attributes": {
            "agent_id": "36747110-4341-41dc-a032-a07767186156",
            "agent_profile_id": "13a52ddc-f1a1-41e5-9e8a-178a64a429ac",
            "device_key": null,
            "management_ip": "192.168.122.14",
            "off_box": true,
            "system_id": "0C005ADEC600"
          },
          "sensitive_attributes": [],
          "dependencies": [
            "data.apstra_agent_profile.junos-profile"
          ]
        },
        {
          "index_key": "leaf5",
          "schema_version": 0,
          "attributes": {
            "agent_id": "a5b29c3f-0279-4495-8baf-aa56af77e1b0",
            "agent_profile_id": "13a52ddc-f1a1-41e5-9e8a-178a64a429ac",
            "device_key": null,
            "management_ip": "192.168.122.15",
            "off_box": true,
            "system_id": "0C004204FC00"
          },
          "sensitive_attributes": [],
          "dependencies": [
            "data.apstra_agent_profile.junos-profile"
          ]
        },
        {
          "index_key": "spine1",
          "schema_version": 0,
          "attributes": {
            "agent_id": "29e290b6-c95f-420c-8943-2d22df860b4b",
            "agent_profile_id": "13a52ddc-f1a1-41e5-9e8a-178a64a429ac",
            "device_key": null,
            "management_ip": "192.168.122.101",
            "off_box": true,
            "system_id": "0C0081705900"
          },
          "sensitive_attributes": [],
          "dependencies": [
            "data.apstra_agent_profile.junos-profile"
          ]
        },
        {
          "index_key": "spine2",
          "schema_version": 0,
          "attributes": {
            "agent_id": "1da29f87-6b74-46de-822f-31eb786afe70",
            "agent_profile_id": "13a52ddc-f1a1-41e5-9e8a-178a64a429ac",
            "device_key": null,
            "management_ip": "192.168.122.102",
            "off_box": true,
            "system_id": "0C00FC991E00"
          },
          "sensitive_attributes": [],
          "dependencies": [
            "data.apstra_agent_profile.junos-profile"
          ]
        }
      ]
    },
    {
      "mode": "managed",
      "type": "apstra_managed_device_ack",
      "name": "device",
      "provider": "provider[\"registry.terraform.io/juniper/apstra\"]",
      "instances": [
        {
          "index_key": "leaf1",
          "schema_version": 0,
          "attributes": {
            "agent_id": "9523be56-ae02-4264-84d3-30da9120e1d7",
            "device_key": "0C003BCBA700",
            "system_id": "0C003BCBA700"
          },
          "sensitive_attributes": [],
          "dependencies": [
            "apstra_managed_device.device",
            "data.apstra_agent.agent",
            "data.apstra_agent_profile.junos-profile"
          ]
        },
        {
          "index_key": "leaf2",
          "schema_version": 0,
          "attributes": {
            "agent_id": "276f8c9d-257c-44e3-991e-64ff7945e6ec",
            "device_key": "0C00B486B400",
            "system_id": "0C00B486B400"
          },
          "sensitive_attributes": [],
          "dependencies": [
            "apstra_managed_device.device",
            "data.apstra_agent.agent",
            "data.apstra_agent_profile.junos-profile"
          ]
        },
        {
          "index_key": "leaf3",
          "schema_version": 0,
          "attributes": {
            "agent_id": "b283c6d9-ee15-41c9-9c86-e8964c9cf397",
            "device_key": "0C00EB771D00",
            "system_id": "0C00EB771D00"
          },
          "sensitive_attributes": [],
          "dependencies": [
            "apstra_managed_device.device",
            "data.apstra_agent.agent",
            "data.apstra_agent_profile.junos-profile"
          ]
        },
        {
          "index_key": "leaf4",
          "schema_version": 0,
          "attributes": {
            "agent_id": "36747110-4341-41dc-a032-a07767186156",
            "device_key": "0C005ADEC600",
            "system_id": "0C005ADEC600"
          },
          "sensitive_attributes": [],
          "dependencies": [
            "apstra_managed_device.device",
            "data.apstra_agent.agent",
            "data.apstra_agent_profile.junos-profile"
          ]
        },
        {
          "index_key": "leaf5",
          "schema_version": 0,
          "attributes": {
            "agent_id": "a5b29c3f-0279-4495-8baf-aa56af77e1b0",
            "device_key": "0C004204FC00",
            "system_id": "0C004204FC00"
          },
          "sensitive_attributes": [],
          "dependencies": [
            "apstra_managed_device.device",
            "data.apstra_agent.agent",
            "data.apstra_agent_profile.junos-profile"
          ]
        },
        {
          "index_key": "spine1",
          "schema_version": 0,
          "attributes": {
            "agent_id": "29e290b6-c95f-420c-8943-2d22df860b4b",
            "device_key": "0C0081705900",
            "system_id": "0C0081705900"
          },
          "sensitive_attributes": [],
          "dependencies": [
            "apstra_managed_device.device",
            "data.apstra_agent.agent",
            "data.apstra_agent_profile.junos-profile"
          ]
        },
        {
          "index_key": "spine2",
          "schema_version": 0,
          "attributes": {
            "agent_id": "1da29f87-6b74-46de-822f-31eb786afe70",
            "device_key": "0C00FC991E00",
            "system_id": "0C00FC991E00"
          },
          "sensitive_attributes": [],
          "dependencies": [
            "apstra_managed_device.device",
            "data.apstra_agent.agent",
            "data.apstra_agent_profile.junos-profile"
          ]
        }
      ]
    },
    {
      "mode": "managed",
      "type": "apstra_rack_type",
      "name": "dc1_border",
      "provider": "provider[\"registry.terraform.io/juniper/apstra\"]",
      "instances": [
        {
          "schema_version": 0,
          "attributes": {
            "access_switches": null,
            "description": "Created by Terraform",
            "fabric_connectivity_design": "l3clos",
            "generic_systems": {
              "h1": {
                "count": 1,
                "links": {
                  "link1": {
                    "lag_mode": null,
                    "links_per_switch": 1,
                    "speed": "10G",
                    "switch_peer": "first",
                    "tag_ids": null,
                    "tags": null,
                    "target_switch_name": "border_leaf"
                  },
                  "link2": {
                    "lag_mode": null,
                    "links_per_switch": 1,
                    "speed": "10G",
                    "switch_peer": "second",
                    "tag_ids": null,
                    "tags": null,
                    "target_switch_name": "border_leaf"
                  },
                  "link3": {
                    "lag_mode": "lacp_active",
                    "links_per_switch": 1,
                    "speed": "10G",
                    "switch_peer": null,
                    "tag_ids": [
                      "e7aff632-5f41-4658-831e-ca981079f108"
                    ],
                    "tags": [
                      {
                        "description": null,
                        "id": null,
                        "name": "h8"
                      }
                    ],
                    "target_switch_name": "border_leaf"
                  }
                },
                "logical_device": {
                  "id": null,
                  "name": "AOS-4x10-1",
                  "panels": [
                    {
                      "columns": 2,
                      "port_groups": [
                        {
                          "port_count": 4,
                          "port_roles": [
                            "access",
                            "leaf"
                          ],
                          "port_speed": "10G"
                        }
                      ],
                      "rows": 2
                    }
                  ]
                },
                "logical_device_id": "AOS-4x10-1",
                "port_channel_id_max": 0,
                "port_channel_id_min": 0,
                "tag_ids": null,
                "tags": null
              },
              "h2": {
                "count": 1,
                "links": {
                  "link": {
                    "lag_mode": "lacp_active",
                    "links_per_switch": 1,
                    "speed": "10G",
                    "switch_peer": null,
                    "tag_ids": [
                      "bc272bf6-f384-40ee-8fe2-e618975760e7"
                    ],
                    "tags": [
                      {
                        "description": null,
                        "id": null,
                        "name": "h9"
                      }
                    ],
                    "target_switch_name": "border_leaf"
                  }
                },
                "logical_device": {
                  "id": null,
                  "name": "AOS-2x10-1",
                  "panels": [
                    {
                      "columns": 2,
                      "port_groups": [
                        {
                          "port_count": 2,
                          "port_roles": [
                            "access",
                            "leaf"
                          ],
                          "port_speed": "10G"
                        }
                      ],
                      "rows": 1
                    }
                  ]
                },
                "logical_device_id": "AOS-2x10-1",
                "port_channel_id_max": 0,
                "port_channel_id_min": 0,
                "tag_ids": null,
                "tags": null
              }
            },
            "id": "qeasatt5tcgme7fkyt9grq",
            "leaf_switches": {
              "border_leaf": {
                "logical_device": {
                  "id": null,
                  "name": "vJunos-LD",
                  "panels": [
                    {
                      "columns": 10,
                      "port_groups": [
                        {
                          "port_count": 10,
                          "port_roles": [
                            "access",
                            "generic",
                            "leaf",
                            "peer",
                            "spine"
                          ],
                          "port_speed": "10G"
                        }
                      ],
                      "rows": 1
                    }
                  ]
                },
                "logical_device_id": "7988382c-38be-4f44-8ff4-dddd146896e5",
                "mlag_info": null,
                "redundancy_protocol": "esi",
                "spine_link_count": 1,
                "spine_link_speed": "10G",
                "tag_ids": null,
                "tags": null
              }
            },
            "name": "dc1_border"
          },
          "sensitive_attributes": [],
          "dependencies": [
            "apstra_logical_device.vJunos_LD",
            "apstra_tag.host_tags"
          ]
        }
      ]
    },
    {
      "mode": "managed",
      "type": "apstra_rack_type",
      "name": "dc1_esi_esxi",
      "provider": "provider[\"registry.terraform.io/juniper/apstra\"]",
      "instances": [
        {
          "schema_version": 0,
          "attributes": {
            "access_switches": null,
            "description": "Created by Terraform",
            "fabric_connectivity_design": "l3clos",
            "generic_systems": {
              "h1": {
                "count": 1,
                "links": {
                  "link": {
                    "lag_mode": null,
                    "links_per_switch": 1,
                    "speed": "10G",
                    "switch_peer": "first",
                    "tag_ids": [
                      "4218b562-6a04-44f7-b28c-7b29eb4afef2"
                    ],
                    "tags": [
                      {
                        "description": null,
                        "id": null,
                        "name": "h3"
                      }
                    ],
                    "target_switch_name": "esi_leaf"
                  }
                },
                "logical_device": {
                  "id": null,
                  "name": "AOS-1x10-1",
                  "panels": [
                    {
                      "columns": 1,
                      "port_groups": [
                        {
                          "port_count": 1,
                          "port_roles": [
                            "access",
                            "leaf"
                          ],
                          "port_speed": "10G"
                        }
                      ],
                      "rows": 1
                    }
                  ]
                },
                "logical_device_id": "AOS-1x10-1",
                "port_channel_id_max": 0,
                "port_channel_id_min": 0,
                "tag_ids": null,
                "tags": null
              },
              "h2": {
                "count": 1,
                "links": {
                  "link": {
                    "lag_mode": "lacp_active",
                    "links_per_switch": 1,
                    "speed": "10G",
                    "switch_peer": null,
                    "tag_ids": [
                      "6a40762c-f14b-460d-9272-f4b2f3a85460"
                    ],
                    "tags": [
                      {
                        "description": null,
                        "id": null,
                        "name": "h4"
                      }
                    ],
                    "target_switch_name": "esi_leaf"
                  }
                },
                "logical_device": {
                  "id": null,
                  "name": "AOS-2x10-1",
                  "panels": [
                    {
                      "columns": 2,
                      "port_groups": [
                        {
                          "port_count": 2,
                          "port_roles": [
                            "access",
                            "leaf"
                          ],
                          "port_speed": "10G"
                        }
                      ],
                      "rows": 1
                    }
                  ]
                },
                "logical_device_id": "AOS-2x10-1",
                "port_channel_id_max": 0,
                "port_channel_id_min": 0,
                "tag_ids": null,
                "tags": null
              },
              "h3": {
                "count": 1,
                "links": {
                  "link": {
                    "lag_mode": "lacp_active",
                    "links_per_switch": 1,
                    "speed": "10G",
                    "switch_peer": null,
                    "tag_ids": [
                      "2a2642b5-62fe-4c04-86cb-ff837939c3a8"
                    ],
                    "tags": [
                      {
                        "description": null,
                        "id": null,
                        "name": "h5"
                      }
                    ],
                    "target_switch_name": "esi_leaf"
                  }
                },
                "logical_device": {
                  "id": null,
                  "name": "AOS-2x10-1",
                  "panels": [
                    {
                      "columns": 2,
                      "port_groups": [
                        {
                          "port_count": 2,
                          "port_roles": [
                            "access",
                            "leaf"
                          ],
                          "port_speed": "10G"
                        }
                      ],
                      "rows": 1
                    }
                  ]
                },
                "logical_device_id": "AOS-2x10-1",
                "port_channel_id_max": 0,
                "port_channel_id_min": 0,
                "tag_ids": null,
                "tags": null
              },
              "h4": {
                "count": 1,
                "links": {
                  "link": {
                    "lag_mode": null,
                    "links_per_switch": 1,
                    "speed": "10G",
                    "switch_peer": "second",
                    "tag_ids": [
                      "8875f0b9-5f59-48cd-af5a-2280baddf5bf"
                    ],
                    "tags": [
                      {
                        "description": null,
                        "id": null,
                        "name": "h6"
                      }
                    ],
                    "target_switch_name": "esi_leaf"
                  }
                },
                "logical_device": {
                  "id": null,
                  "name": "AOS-1x10-1",
                  "panels": [
                    {
                      "columns": 1,
                      "port_groups": [
                        {
                          "port_count": 1,
                          "port_roles": [
                            "access",
                            "leaf"
                          ],
                          "port_speed": "10G"
                        }
                      ],
                      "rows": 1
                    }
                  ]
                },
                "logical_device_id": "AOS-1x10-1",
                "port_channel_id_max": 0,
                "port_channel_id_min": 0,
                "tag_ids": null,
                "tags": null
              },
              "h5": {
                "count": 1,
                "links": {
                  "link": {
                    "lag_mode": "lacp_active",
                    "links_per_switch": 1,
                    "speed": "10G",
                    "switch_peer": null,
                    "tag_ids": [
                      "9225aaee-00d8-4319-b254-3a819cf589bd"
                    ],
                    "tags": [
                      {
                        "description": null,
                        "id": null,
                        "name": "h7"
                      }
                    ],
                    "target_switch_name": "esi_leaf"
                  }
                },
                "logical_device": {
                  "id": null,
                  "name": "AOS-2x10-1",
                  "panels": [
                    {
                      "columns": 2,
                      "port_groups": [
                        {
                          "port_count": 2,
                          "port_roles": [
                            "access",
                            "leaf"
                          ],
                          "port_speed": "10G"
                        }
                      ],
                      "rows": 1
                    }
                  ]
                },
                "logical_device_id": "AOS-2x10-1",
                "port_channel_id_max": 0,
                "port_channel_id_min": 0,
                "tag_ids": null,
                "tags": null
              }
            },
            "id": "ykam7nczr8u-881fcuaaw",
            "leaf_switches": {
              "esi_leaf": {
                "logical_device": {
                  "id": null,
                  "name": "vJunos-LD",
                  "panels": [
                    {
                      "columns": 10,
                      "port_groups": [
                        {
                          "port_count": 10,
                          "port_roles": [
                            "access",
                            "generic",
                            "leaf",
                            "peer",
                            "spine"
                          ],
                          "port_speed": "10G"
                        }
                      ],
                      "rows": 1
                    }
                  ]
                },
                "logical_device_id": "7988382c-38be-4f44-8ff4-dddd146896e5",
                "mlag_info": null,
                "redundancy_protocol": "esi",
                "spine_link_count": 1,
                "spine_link_speed": "10G",
                "tag_ids": null,
                "tags": null
              }
            },
            "name": "dc1_esi_esxi"
          },
          "sensitive_attributes": [],
          "dependencies": [
            "apstra_logical_device.vJunos_LD",
            "apstra_tag.host_tags"
          ]
        }
      ]
    },
    {
      "mode": "managed",
      "type": "apstra_rack_type",
      "name": "dc1_single",
      "provider": "provider[\"registry.terraform.io/juniper/apstra\"]",
      "instances": [
        {
          "schema_version": 0,
          "attributes": {
            "access_switches": null,
            "description": "Created by Terraform",
            "fabric_connectivity_design": "l3clos",
            "generic_systems": {
              "h1": {
                "count": 1,
                "links": {
                  "link": {
                    "lag_mode": null,
                    "links_per_switch": 1,
                    "speed": "10G",
                    "switch_peer": null,
                    "tag_ids": [
                      "765f6e74-efa0-4386-8bf6-f8a1cc5eaf8d"
                    ],
                    "tags": [
                      {
                        "description": null,
                        "id": null,
                        "name": "h1"
                      }
                    ],
                    "target_switch_name": "single_leaf"
                  }
                },
                "logical_device": {
                  "id": null,
                  "name": "AOS-1x10-1",
                  "panels": [
                    {
                      "columns": 1,
                      "port_groups": [
                        {
                          "port_count": 1,
                          "port_roles": [
                            "access",
                            "leaf"
                          ],
                          "port_speed": "10G"
                        }
                      ],
                      "rows": 1
                    }
                  ]
                },
                "logical_device_id": "AOS-1x10-1",
                "port_channel_id_max": 0,
                "port_channel_id_min": 0,
                "tag_ids": null,
                "tags": null
              },
              "h2": {
                "count": 1,
                "links": {
                  "link": {
                    "lag_mode": "lacp_active",
                    "links_per_switch": 1,
                    "speed": "10G",
                    "switch_peer": null,
                    "tag_ids": [
                      "425d5ace-8cc9-4aae-9e5b-455b43af5857"
                    ],
                    "tags": [
                      {
                        "description": null,
                        "id": null,
                        "name": "h2"
                      }
                    ],
                    "target_switch_name": "single_leaf"
                  }
                },
                "logical_device": {
                  "id": null,
                  "name": "AOS-1x10-1",
                  "panels": [
                    {
                      "columns": 1,
                      "port_groups": [
                        {
                          "port_count": 1,
                          "port_roles": [
                            "access",
                            "leaf"
                          ],
                          "port_speed": "10G"
                        }
                      ],
                      "rows": 1
                    }
                  ]
                },
                "logical_device_id": "AOS-1x10-1",
                "port_channel_id_max": 0,
                "port_channel_id_min": 0,
                "tag_ids": null,
                "tags": null
              }
            },
            "id": "5c-itzg7thc-hnvx4ihu9a",
            "leaf_switches": {
              "single_leaf": {
                "logical_device": {
                  "id": null,
                  "name": "vJunos-LD",
                  "panels": [
                    {
                      "columns": 10,
                      "port_groups": [
                        {
                          "port_count": 10,
                          "port_roles": [
                            "access",
                            "generic",
                            "leaf",
                            "peer",
                            "spine"
                          ],
                          "port_speed": "10G"
                        }
                      ],
                      "rows": 1
                    }
                  ]
                },
                "logical_device_id": "7988382c-38be-4f44-8ff4-dddd146896e5",
                "mlag_info": null,
                "redundancy_protocol": null,
                "spine_link_count": 1,
                "spine_link_speed": "10G",
                "tag_ids": null,
                "tags": null
              }
            },
            "name": "dc1_single"
          },
          "sensitive_attributes": [],
          "dependencies": [
            "apstra_logical_device.vJunos_LD",
            "apstra_tag.host_tags"
          ]
        }
      ]
    },
    {
      "mode": "managed",
      "type": "apstra_tag",
      "name": "host_tags",
      "provider": "provider[\"registry.terraform.io/juniper/apstra\"]",
      "instances": [
        {
          "index_key": "h1",
          "schema_version": 0,
          "attributes": {
            "description": null,
            "id": "765f6e74-efa0-4386-8bf6-f8a1cc5eaf8d",
            "name": "h1"
          },
          "sensitive_attributes": []
        },
        {
          "index_key": "h2",
          "schema_version": 0,
          "attributes": {
            "description": null,
            "id": "425d5ace-8cc9-4aae-9e5b-455b43af5857",
            "name": "h2"
          },
          "sensitive_attributes": []
        },
        {
          "index_key": "h3",
          "schema_version": 0,
          "attributes": {
            "description": null,
            "id": "4218b562-6a04-44f7-b28c-7b29eb4afef2",
            "name": "h3"
          },
          "sensitive_attributes": []
        },
        {
          "index_key": "h4",
          "schema_version": 0,
          "attributes": {
            "description": null,
            "id": "6a40762c-f14b-460d-9272-f4b2f3a85460",
            "name": "h4"
          },
          "sensitive_attributes": []
        },
        {
          "index_key": "h5",
          "schema_version": 0,
          "attributes": {
            "description": null,
            "id": "2a2642b5-62fe-4c04-86cb-ff837939c3a8",
            "name": "h5"
          },
          "sensitive_attributes": []
        },
        {
          "index_key": "h6",
          "schema_version": 0,
          "attributes": {
            "description": null,
            "id": "8875f0b9-5f59-48cd-af5a-2280baddf5bf",
            "name": "h6"
          },
          "sensitive_attributes": []
        },
        {
          "index_key": "h7",
          "schema_version": 0,
          "attributes": {
            "description": null,
            "id": "9225aaee-00d8-4319-b254-3a819cf589bd",
            "name": "h7"
          },
          "sensitive_attributes": []
        },
        {
          "index_key": "h8",
          "schema_version": 0,
          "attributes": {
            "description": null,
            "id": "e7aff632-5f41-4658-831e-ca981079f108",
            "name": "h8"
          },
          "sensitive_attributes": []
        },
        {
          "index_key": "h9",
          "schema_version": 0,
          "attributes": {
            "description": null,
            "id": "bc272bf6-f384-40ee-8fe2-e618975760e7",
            "name": "h9"
          },
          "sensitive_attributes": []
        }
      ]
    },
    {
      "mode": "managed",
      "type": "apstra_template_rack_based",
      "name": "dc1_template",
      "provider": "provider[\"registry.terraform.io/juniper/apstra\"]",
      "instances": [
        {
          "schema_version": 0,
          "attributes": {
            "asn_allocation_scheme": "unique",
            "fabric_link_addressing": null,
            "id": "4002458f-6851-483d-a38d-098620bceda8",
            "name": "dc1_template",
            "overlay_control_protocol": "evpn",
            "rack_infos": {
              "5c-itzg7thc-hnvx4ihu9a": {
                "count": 1,
                "rack_type": {
                  "access_switches": null,
                  "description": "Created by Terraform",
                  "fabric_connectivity_design": "l3clos",
                  "generic_systems": {
                    "h1": {
                      "count": 1,
                      "links": {
                        "link": {
                          "lag_mode": null,
                          "links_per_switch": 1,
                          "speed": "10G",
                          "switch_peer": null,
                          "tag_ids": null,
                          "tags": [
                            {
                              "description": null,
                              "id": null,
                              "name": "h1"
                            }
                          ],
                          "target_switch_name": "single_leaf"
                        }
                      },
                      "logical_device": {
                        "id": null,
                        "name": "AOS-1x10-1",
                        "panels": [
                          {
                            "columns": 1,
                            "port_groups": [
                              {
                                "port_count": 1,
                                "port_roles": [
                                  "access",
                                  "leaf"
                                ],
                                "port_speed": "10G"
                              }
                            ],
                            "rows": 1
                          }
                        ]
                      },
                      "logical_device_id": null,
                      "port_channel_id_max": 0,
                      "port_channel_id_min": 0,
                      "tag_ids": null,
                      "tags": null
                    },
                    "h2": {
                      "count": 1,
                      "links": {
                        "link": {
                          "lag_mode": "lacp_active",
                          "links_per_switch": 1,
                          "speed": "10G",
                          "switch_peer": null,
                          "tag_ids": null,
                          "tags": [
                            {
                              "description": null,
                              "id": null,
                              "name": "h2"
                            }
                          ],
                          "target_switch_name": "single_leaf"
                        }
                      },
                      "logical_device": {
                        "id": null,
                        "name": "AOS-1x10-1",
                        "panels": [
                          {
                            "columns": 1,
                            "port_groups": [
                              {
                                "port_count": 1,
                                "port_roles": [
                                  "access",
                                  "leaf"
                                ],
                                "port_speed": "10G"
                              }
                            ],
                            "rows": 1
                          }
                        ]
                      },
                      "logical_device_id": null,
                      "port_channel_id_max": 0,
                      "port_channel_id_min": 0,
                      "tag_ids": null,
                      "tags": null
                    }
                  },
                  "id": null,
                  "leaf_switches": {
                    "single_leaf": {
                      "logical_device": {
                        "id": null,
                        "name": "vJunos-LD",
                        "panels": [
                          {
                            "columns": 10,
                            "port_groups": [
                              {
                                "port_count": 10,
                                "port_roles": [
                                  "access",
                                  "generic",
                                  "leaf",
                                  "peer",
                                  "spine"
                                ],
                                "port_speed": "10G"
                              }
                            ],
                            "rows": 1
                          }
                        ]
                      },
                      "logical_device_id": null,
                      "mlag_info": null,
                      "redundancy_protocol": null,
                      "spine_link_count": 1,
                      "spine_link_speed": "10G",
                      "tag_ids": null,
                      "tags": null
                    }
                  },
                  "name": "dc1_single"
                }
              },
              "qeasatt5tcgme7fkyt9grq": {
                "count": 1,
                "rack_type": {
                  "access_switches": null,
                  "description": "Created by Terraform",
                  "fabric_connectivity_design": "l3clos",
                  "generic_systems": {
                    "h1": {
                      "count": 1,
                      "links": {
                        "link1": {
                          "lag_mode": null,
                          "links_per_switch": 1,
                          "speed": "10G",
                          "switch_peer": "first",
                          "tag_ids": null,
                          "tags": null,
                          "target_switch_name": "border_leaf"
                        },
                        "link2": {
                          "lag_mode": null,
                          "links_per_switch": 1,
                          "speed": "10G",
                          "switch_peer": "second",
                          "tag_ids": null,
                          "tags": null,
                          "target_switch_name": "border_leaf"
                        },
                        "link3": {
                          "lag_mode": "lacp_active",
                          "links_per_switch": 1,
                          "speed": "10G",
                          "switch_peer": null,
                          "tag_ids": null,
                          "tags": [
                            {
                              "description": null,
                              "id": null,
                              "name": "h8"
                            }
                          ],
                          "target_switch_name": "border_leaf"
                        }
                      },
                      "logical_device": {
                        "id": null,
                        "name": "AOS-4x10-1",
                        "panels": [
                          {
                            "columns": 2,
                            "port_groups": [
                              {
                                "port_count": 4,
                                "port_roles": [
                                  "access",
                                  "leaf"
                                ],
                                "port_speed": "10G"
                              }
                            ],
                            "rows": 2
                          }
                        ]
                      },
                      "logical_device_id": null,
                      "port_channel_id_max": 0,
                      "port_channel_id_min": 0,
                      "tag_ids": null,
                      "tags": null
                    },
                    "h2": {
                      "count": 1,
                      "links": {
                        "link": {
                          "lag_mode": "lacp_active",
                          "links_per_switch": 1,
                          "speed": "10G",
                          "switch_peer": null,
                          "tag_ids": null,
                          "tags": [
                            {
                              "description": null,
                              "id": null,
                              "name": "h9"
                            }
                          ],
                          "target_switch_name": "border_leaf"
                        }
                      },
                      "logical_device": {
                        "id": null,
                        "name": "AOS-2x10-1",
                        "panels": [
                          {
                            "columns": 2,
                            "port_groups": [
                              {
                                "port_count": 2,
                                "port_roles": [
                                  "access",
                                  "leaf"
                                ],
                                "port_speed": "10G"
                              }
                            ],
                            "rows": 1
                          }
                        ]
                      },
                      "logical_device_id": null,
                      "port_channel_id_max": 0,
                      "port_channel_id_min": 0,
                      "tag_ids": null,
                      "tags": null
                    }
                  },
                  "id": null,
                  "leaf_switches": {
                    "border_leaf": {
                      "logical_device": {
                        "id": null,
                        "name": "vJunos-LD",
                        "panels": [
                          {
                            "columns": 10,
                            "port_groups": [
                              {
                                "port_count": 10,
                                "port_roles": [
                                  "access",
                                  "generic",
                                  "leaf",
                                  "peer",
                                  "spine"
                                ],
                                "port_speed": "10G"
                              }
                            ],
                            "rows": 1
                          }
                        ]
                      },
                      "logical_device_id": null,
                      "mlag_info": null,
                      "redundancy_protocol": "esi",
                      "spine_link_count": 1,
                      "spine_link_speed": "10G",
                      "tag_ids": null,
                      "tags": null
                    }
                  },
                  "name": "dc1_border"
                }
              },
              "ykam7nczr8u-881fcuaaw": {
                "count": 1,
                "rack_type": {
                  "access_switches": null,
                  "description": "Created by Terraform",
                  "fabric_connectivity_design": "l3clos",
                  "generic_systems": {
                    "h1": {
                      "count": 1,
                      "links": {
                        "link": {
                          "lag_mode": null,
                          "links_per_switch": 1,
                          "speed": "10G",
                          "switch_peer": "first",
                          "tag_ids": null,
                          "tags": [
                            {
                              "description": null,
                              "id": null,
                              "name": "h3"
                            }
                          ],
                          "target_switch_name": "esi_leaf"
                        }
                      },
                      "logical_device": {
                        "id": null,
                        "name": "AOS-1x10-1",
                        "panels": [
                          {
                            "columns": 1,
                            "port_groups": [
                              {
                                "port_count": 1,
                                "port_roles": [
                                  "access",
                                  "leaf"
                                ],
                                "port_speed": "10G"
                              }
                            ],
                            "rows": 1
                          }
                        ]
                      },
                      "logical_device_id": null,
                      "port_channel_id_max": 0,
                      "port_channel_id_min": 0,
                      "tag_ids": null,
                      "tags": null
                    },
                    "h2": {
                      "count": 1,
                      "links": {
                        "link": {
                          "lag_mode": "lacp_active",
                          "links_per_switch": 1,
                          "speed": "10G",
                          "switch_peer": null,
                          "tag_ids": null,
                          "tags": [
                            {
                              "description": null,
                              "id": null,
                              "name": "h4"
                            }
                          ],
                          "target_switch_name": "esi_leaf"
                        }
                      },
                      "logical_device": {
                        "id": null,
                        "name": "AOS-2x10-1",
                        "panels": [
                          {
                            "columns": 2,
                            "port_groups": [
                              {
                                "port_count": 2,
                                "port_roles": [
                                  "access",
                                  "leaf"
                                ],
                                "port_speed": "10G"
                              }
                            ],
                            "rows": 1
                          }
                        ]
                      },
                      "logical_device_id": null,
                      "port_channel_id_max": 0,
                      "port_channel_id_min": 0,
                      "tag_ids": null,
                      "tags": null
                    },
                    "h3": {
                      "count": 1,
                      "links": {
                        "link": {
                          "lag_mode": "lacp_active",
                          "links_per_switch": 1,
                          "speed": "10G",
                          "switch_peer": null,
                          "tag_ids": null,
                          "tags": [
                            {
                              "description": null,
                              "id": null,
                              "name": "h5"
                            }
                          ],
                          "target_switch_name": "esi_leaf"
                        }
                      },
                      "logical_device": {
                        "id": null,
                        "name": "AOS-2x10-1",
                        "panels": [
                          {
                            "columns": 2,
                            "port_groups": [
                              {
                                "port_count": 2,
                                "port_roles": [
                                  "access",
                                  "leaf"
                                ],
                                "port_speed": "10G"
                              }
                            ],
                            "rows": 1
                          }
                        ]
                      },
                      "logical_device_id": null,
                      "port_channel_id_max": 0,
                      "port_channel_id_min": 0,
                      "tag_ids": null,
                      "tags": null
                    },
                    "h4": {
                      "count": 1,
                      "links": {
                        "link": {
                          "lag_mode": null,
                          "links_per_switch": 1,
                          "speed": "10G",
                          "switch_peer": "second",
                          "tag_ids": null,
                          "tags": [
                            {
                              "description": null,
                              "id": null,
                              "name": "h6"
                            }
                          ],
                          "target_switch_name": "esi_leaf"
                        }
                      },
                      "logical_device": {
                        "id": null,
                        "name": "AOS-1x10-1",
                        "panels": [
                          {
                            "columns": 1,
                            "port_groups": [
                              {
                                "port_count": 1,
                                "port_roles": [
                                  "access",
                                  "leaf"
                                ],
                                "port_speed": "10G"
                              }
                            ],
                            "rows": 1
                          }
                        ]
                      },
                      "logical_device_id": null,
                      "port_channel_id_max": 0,
                      "port_channel_id_min": 0,
                      "tag_ids": null,
                      "tags": null
                    },
                    "h5": {
                      "count": 1,
                      "links": {
                        "link": {
                          "lag_mode": "lacp_active",
                          "links_per_switch": 1,
                          "speed": "10G",
                          "switch_peer": null,
                          "tag_ids": null,
                          "tags": [
                            {
                              "description": null,
                              "id": null,
                              "name": "h7"
                            }
                          ],
                          "target_switch_name": "esi_leaf"
                        }
                      },
                      "logical_device": {
                        "id": null,
                        "name": "AOS-2x10-1",
                        "panels": [
                          {
                            "columns": 2,
                            "port_groups": [
                              {
                                "port_count": 2,
                                "port_roles": [
                                  "access",
                                  "leaf"
                                ],
                                "port_speed": "10G"
                              }
                            ],
                            "rows": 1
                          }
                        ]
                      },
                      "logical_device_id": null,
                      "port_channel_id_max": 0,
                      "port_channel_id_min": 0,
                      "tag_ids": null,
                      "tags": null
                    }
                  },
                  "id": null,
                  "leaf_switches": {
                    "esi_leaf": {
                      "logical_device": {
                        "id": null,
                        "name": "vJunos-LD",
                        "panels": [
                          {
                            "columns": 10,
                            "port_groups": [
                              {
                                "port_count": 10,
                                "port_roles": [
                                  "access",
                                  "generic",
                                  "leaf",
                                  "peer",
                                  "spine"
                                ],
                                "port_speed": "10G"
                              }
                            ],
                            "rows": 1
                          }
                        ]
                      },
                      "logical_device_id": null,
                      "mlag_info": null,
                      "redundancy_protocol": "esi",
                      "spine_link_count": 1,
                      "spine_link_speed": "10G",
                      "tag_ids": null,
                      "tags": null
                    }
                  },
                  "name": "dc1_esi_esxi"
                }
              }
            },
            "spine": {
              "count": 2,
              "logical_device": {
                "id": null,
                "name": "vJunos-LD",
                "panels": [
                  {
                    "columns": 10,
                    "port_groups": [
                      {
                        "port_count": 10,
                        "port_roles": [
                          "access",
                          "generic",
                          "leaf",
                          "peer",
                          "spine"
                        ],
                        "port_speed": "10G"
                      }
                    ],
                    "rows": 1
                  }
                ]
              },
              "logical_device_id": "7988382c-38be-4f44-8ff4-dddd146896e5",
              "super_spine_link_count": null,
              "super_spine_link_speed": null,
              "tag_ids": null,
              "tags": null
            }
          },
          "sensitive_attributes": [],
          "dependencies": [
            "apstra_logical_device.vJunos_LD",
            "apstra_rack_type.dc1_border",
            "apstra_rack_type.dc1_esi_esxi",
            "apstra_rack_type.dc1_single",
            "apstra_tag.host_tags"
          ]
        }
      ]
    }
  ],
  "check_results": null
}
